// !$*UTF8*$!
{
	archiveVersion = 1;
	classes = {
	};
	objectVersion = 46;
	objects = {

/* Begin PBXAggregateTarget section */
		EE5351EE8559F80326DA41D8 /* viator-voice-leveler - All */ = {
			isa = PBXAggregateTarget;
			buildConfigurationList = 341197DC244401EEB84808A1;
			buildPhases = (
			);
			dependencies = (
				4994176C787B9F91F550EF3E,
				8621FD10A21A13E8C0151630,
				5918CB255997BB04C1230BB9,
				FFDAA9DD44D6CE99245B51DC,
			);
			name = "viator-voice-leveler - All";
			productName = "viator-voice-leveler";
		};
/* End PBXAggregateTarget section */

/* Begin PBXBuildFile section */
		003AEEFD6A6FE9BF0615C84D /* include_juce_dsp.mm */ = {isa = PBXBuildFile; fileRef = 4FA2011A8ACD478ED97F033F; };
		06DBECA9CA5F4D23C971F814 /* PluginEditor.cpp */ = {isa = PBXBuildFile; fileRef = D0108138852567D4A54BCD5E; };
		0D9F949835FA5AB9DF329AF3 /* Standalone Plugin */ = {isa = PBXBuildFile; fileRef = 9BD87BE7DC6C5CC62BF0D304; };
		1E262BAAC77DA11965A67F33 /* Parameters.cpp */ = {isa = PBXBuildFile; fileRef = 9C52FA117C49F0B13CFE99B6; };
		246CA98D4CAE3A96FDEE0574 /* include_juce_audio_plugin_client_AU_2.mm */ = {isa = PBXBuildFile; fileRef = 08FF4E9EBDDF477D26A710FA; };
		2C05E89D89D6AA6DD21F7784 /* include_juce_gui_basics.mm */ = {isa = PBXBuildFile; fileRef = 915CF9C95302C1A49E7EEFB5; };
		35C51D218CDD83E480C34AD5 /* QuartzCore.framework */ = {isa = PBXBuildFile; fileRef = E2BACAD340D7D355CB948237; };
		4789A3392C61FC067A52A38D /* SettingsPage.cpp */ = {isa = PBXBuildFile; fileRef = 8E2C2DD061D2BBBC6ADC2F44; };
		519CDE60DDF26274474AEE3B /* include_juce_audio_plugin_client_VST_utils.mm */ = {isa = PBXBuildFile; fileRef = 62B7D0A353F1514DFB864FFA; };
		580A684EA4822221067CE4DB /* CoreAudioKit.framework */ = {isa = PBXBuildFile; fileRef = 511D0C1495C3CE1D0CA1482B; };
		58F6B33C48AF7EB1E749193C /* include_juce_audio_basics.mm */ = {isa = PBXBuildFile; fileRef = 2F0879045BF77E27EBB90CED; };
		69E18E1182051C262B9C4204 /* include_juce_data_structures.mm */ = {isa = PBXBuildFile; fileRef = F4365D9435FC2C2B31F05F54; };
		6C04C478140E36CA1878521F /* CoreAudio.framework */ = {isa = PBXBuildFile; fileRef = F7404998138679699532F50A; };
		77AA815221A03B2B1653E124 /* Header.cpp */ = {isa = PBXBuildFile; fileRef = 6AB00881D7D7241F3E234388; };
		7B108B67837C7D025DB84797 /* include_juce_audio_processors_lv2_libs.cpp */ = {isa = PBXBuildFile; fileRef = A0547689CB4CD1C961848CCE; };
		7B2811221BFA194FF0D41F68 /* WebKit.framework */ = {isa = PBXBuildFile; fileRef = CA967B0E7C34CFEDBA103716; };
		8BFC86964BDB9AB0BE0296AA /* Accelerate.framework */ = {isa = PBXBuildFile; fileRef = EC5E3A119B7B2BFE11D64FB0; };
		8C9952C8FABBB1F89E19C509 /* Foundation.framework */ = {isa = PBXBuildFile; fileRef = D95E294C08E9B99AD58B482A; };
		908866C474BEC25232060338 /* Cocoa.framework */ = {isa = PBXBuildFile; fileRef = 8938652DAA5274941841625F; };
		9819836C02DCCC215DBFFC28 /* include_juce_graphics.mm */ = {isa = PBXBuildFile; fileRef = D247CA96FACEA59D4B18720E; };
		9C07351A0CE02EE485A62000 /* AudioToolbox.framework */ = {isa = PBXBuildFile; fileRef = EF29F5F9047C2AC147B0D046; };
		9DACE0B7F51FFF677B1B29C9 /* CoreMIDI.framework */ = {isa = PBXBuildFile; fileRef = 695334EC96BC3BAB1D7A0C6C; };
		A243957604B8CD0A5B21C196 /* include_juce_audio_plugin_client_Standalone.cpp */ = {isa = PBXBuildFile; fileRef = 6F68C4F1E838A5B51ED2C517; };
		A9AD2ED6FFA946F23751886F /* BinaryData.cpp */ = {isa = PBXBuildFile; fileRef = DB576CF28073ACEF14B73739; };
		AA14FBA605F98B0945D66DF5 /* include_juce_audio_formats.mm */ = {isa = PBXBuildFile; fileRef = 115AEB8E69668C9DA434D88F; };
		AD9055BDE4BB39F270C1F9D3 /* include_juce_audio_processors_ara.cpp */ = {isa = PBXBuildFile; fileRef = 55032A0E1160F7C29D17AA68; };
		ADE7F8196C998AD91D16973D /* NavBar.cpp */ = {isa = PBXBuildFile; fileRef = 9C754008D35EA207AABDF4C9; };
		B184AB72CB3D6D9059666B3A /* include_viator_modules.cpp */ = {isa = PBXBuildFile; fileRef = 8479BBABDC1CE4D3299558EB; };
		B780FB5CE9EE095BD0F36A4B /* include_juce_gui_extra.mm */ = {isa = PBXBuildFile; fileRef = C2C5B325A58D11E25D7EBFA3; };
		BC12F73C3234D38354AE1303 /* include_juce_core.mm */ = {isa = PBXBuildFile; fileRef = BF8A03CEB6186B9F4591A50E; };
		BD47D0F8311CC51112372901 /* Globals.cpp */ = {isa = PBXBuildFile; fileRef = A11433F67055676F693F19F3; };
		BED7CD63F710DB4AA4134A3B /* include_juce_audio_processors.mm */ = {isa = PBXBuildFile; fileRef = ABE016BE54CC1BAB09A8B57B; };
		C327A1BBF5BC1E559353D488 /* IOKit.framework */ = {isa = PBXBuildFile; fileRef = 3564F6AF6F09390F25B451CA; };
		C50B474C4B538AFF63EA0B41 /* PresetBrowser.cpp */ = {isa = PBXBuildFile; fileRef = 7816F411EEC1690AD7A0F0F9; };
		C61551B1221BE0B9BB3AA188 /* AU */ = {isa = PBXBuildFile; fileRef = 7D9CFD4E5B0A829ACEEA07A9; };
		C9DE77861E65C88E20B50423 /* RecentFilesMenuTemplate.nib */ = {isa = PBXBuildFile; fileRef = 6D89610217E871CA04692DCF; };
		CB482738BC75427EFC65409F /* include_juce_events.mm */ = {isa = PBXBuildFile; fileRef = E6D30C9709C7B1D9653F126C; };
		CDBC0FE9EBAEB6FB3FEC2806 /* include_juce_audio_plugin_client_VST3.cpp */ = {isa = PBXBuildFile; fileRef = 7C20BBED9C6AFCF2B3EBF9EC; };
		D30B2732249F9902BCDA2BD8 /* include_juce_audio_plugin_client_utils.cpp */ = {isa = PBXBuildFile; fileRef = 2E55440978BE6EDA02AAF2BD; };
		D5432C2DCE1D96449B4DC3D3 /* Colors.cpp */ = {isa = PBXBuildFile; fileRef = 3A349A9476BB8134346DC4B5; };
		DE02A6113179A65A0A34E19C /* Shared Code */ = {isa = PBXBuildFile; fileRef = 6D8315761046437A0AF76146; };
		E44C0BEC2CCE5B164E13BFE1 /* VST3 */ = {isa = PBXBuildFile; fileRef = 2F57566A4BF9906686294B89; };
		E5E10EBEB3577575EA40388B /* include_juce_audio_plugin_client_ARA.cpp */ = {isa = PBXBuildFile; fileRef = 7733B58D9A4405B64D9AD57B; };
		EF48F140D2BE8556E2C059FB /* include_juce_audio_devices.mm */ = {isa = PBXBuildFile; fileRef = 715C74D34148C2CAB08B1C36; };
		F2FB1C9C6527ADC9E0BBE696 /* AudioUnit.framework */ = {isa = PBXBuildFile; fileRef = 52931ACA93C392DB275EBDBD; };
		FA4DD0C81D7A333568C33A6E /* PluginProcessor.cpp */ = {isa = PBXBuildFile; fileRef = 66E20E1EB58FF64B7FA92E2E; };
		FA76922617A1DEFE436E62AC /* DiscRecording.framework */ = {isa = PBXBuildFile; fileRef = 8E0CEE0F912DC7415C17D3BF; };
		FD078C3D4829FE1A7049E3F0 /* include_juce_audio_utils.mm */ = {isa = PBXBuildFile; fileRef = 294F9A5802382E54A6118C35; };
		FFF4AC2EADBB02C6AAA48E0C /* include_juce_audio_plugin_client_AU_1.mm */ = {isa = PBXBuildFile; fileRef = 2B8FD6EE8657DED4B638A7C3; };
/* End PBXBuildFile section */

/* Begin PBXFileReference section */
		020266F9A49B1E83E8579503 /* includes.h */ /* includes.h */ = {isa = PBXFileReference; lastKnownFileType = sourcecode.c.h; name = includes.h; path = ../../Source/includes.h; sourceTree = SOURCE_ROOT; };
		08FF4E9EBDDF477D26A710FA /* include_juce_audio_plugin_client_AU_2.mm */ /* include_juce_audio_plugin_client_AU_2.mm */ = {isa = PBXFileReference; lastKnownFileType = sourcecode.cpp.objcpp; name = include_juce_audio_plugin_client_AU_2.mm; path = ../../JuceLibraryCode/include_juce_audio_plugin_client_AU_2.mm; sourceTree = SOURCE_ROOT; };
		0E9C2F8C4807F11266E0EE24 /* juce_dsp */ /* juce_dsp */ = {isa = PBXFileReference; lastKnownFileType = folder; name = juce_dsp; path = ../../../modules/JUCE/modules/juce_dsp; sourceTree = SOURCE_ROOT; };
		115AEB8E69668C9DA434D88F /* include_juce_audio_formats.mm */ /* include_juce_audio_formats.mm */ = {isa = PBXFileReference; lastKnownFileType = sourcecode.cpp.objcpp; name = include_juce_audio_formats.mm; path = ../../JuceLibraryCode/include_juce_audio_formats.mm; sourceTree = SOURCE_ROOT; };
		172EB989C547496635589DB2 /* juce_audio_formats */ /* juce_audio_formats */ = {isa = PBXFileReference; lastKnownFileType = folder; name = juce_audio_formats; path = ../../../modules/JUCE/modules/juce_audio_formats; sourceTree = SOURCE_ROOT; };
		19AEFE48DDE13462F9DFF237 /* PresetBrowser.h */ /* PresetBrowser.h */ = {isa = PBXFileReference; lastKnownFileType = sourcecode.c.h; name = PresetBrowser.h; path = ../../Source/components/PresetBrowser.h; sourceTree = SOURCE_ROOT; };
		19F542F8A315E70221A3ACBC /* landon.png */ /* landon.png */ = {isa = PBXFileReference; lastKnownFileType = image.png; name = landon.png; path = ../../Source/Assets/landon.png; sourceTree = SOURCE_ROOT; };
		20DAA7EED752BCB66836981B /* JucePluginDefines.h */ /* JucePluginDefines.h */ = {isa = PBXFileReference; lastKnownFileType = sourcecode.c.h; name = JucePluginDefines.h; path = ../../JuceLibraryCode/JucePluginDefines.h; sourceTree = SOURCE_ROOT; };
		294F9A5802382E54A6118C35 /* include_juce_audio_utils.mm */ /* include_juce_audio_utils.mm */ = {isa = PBXFileReference; lastKnownFileType = sourcecode.cpp.objcpp; name = include_juce_audio_utils.mm; path = ../../JuceLibraryCode/include_juce_audio_utils.mm; sourceTree = SOURCE_ROOT; };
		2B8FD6EE8657DED4B638A7C3 /* include_juce_audio_plugin_client_AU_1.mm */ /* include_juce_audio_plugin_client_AU_1.mm */ = {isa = PBXFileReference; lastKnownFileType = sourcecode.cpp.objcpp; name = include_juce_audio_plugin_client_AU_1.mm; path = ../../JuceLibraryCode/include_juce_audio_plugin_client_AU_1.mm; sourceTree = SOURCE_ROOT; };
		2D77241EC5DD5AB8E3F80CB0 /* juce_events */ /* juce_events */ = {isa = PBXFileReference; lastKnownFileType = folder; name = juce_events; path = ../../../modules/JUCE/modules/juce_events; sourceTree = SOURCE_ROOT; };
		2DD187C32B6F6D77CFAC44CA /* PluginProcessor.h */ /* PluginProcessor.h */ = {isa = PBXFileReference; lastKnownFileType = sourcecode.c.h; name = PluginProcessor.h; path = ../../Source/PluginProcessor.h; sourceTree = SOURCE_ROOT; };
		2E55440978BE6EDA02AAF2BD /* include_juce_audio_plugin_client_utils.cpp */ /* include_juce_audio_plugin_client_utils.cpp */ = {isa = PBXFileReference; lastKnownFileType = sourcecode.cpp.cpp; name = include_juce_audio_plugin_client_utils.cpp; path = ../../JuceLibraryCode/include_juce_audio_plugin_client_utils.cpp; sourceTree = SOURCE_ROOT; };
		2F0879045BF77E27EBB90CED /* include_juce_audio_basics.mm */ /* include_juce_audio_basics.mm */ = {isa = PBXFileReference; lastKnownFileType = sourcecode.cpp.objcpp; name = include_juce_audio_basics.mm; path = ../../JuceLibraryCode/include_juce_audio_basics.mm; sourceTree = SOURCE_ROOT; };
		2F57566A4BF9906686294B89 /* VST3 */ = {isa = PBXFileReference; explicitFileType = wrapper.cfbundle; includeInIndex = 0; path = "viator-voice-leveler.vst3"; sourceTree = BUILT_PRODUCTS_DIR; };
		3564F6AF6F09390F25B451CA /* IOKit.framework */ /* IOKit.framework */ = {isa = PBXFileReference; lastKnownFileType = wrapper.framework; name = IOKit.framework; path = System/Library/Frameworks/IOKit.framework; sourceTree = SDKROOT; };
		387352D5760FF8707FD29AA3 /* NavBar.h */ /* NavBar.h */ = {isa = PBXFileReference; lastKnownFileType = sourcecode.c.h; name = NavBar.h; path = ../../Source/components/NavBar.h; sourceTree = SOURCE_ROOT; };
		38C6444F32A554C7C963DF79 /* juce_audio_devices */ /* juce_audio_devices */ = {isa = PBXFileReference; lastKnownFileType = folder; name = juce_audio_devices; path = ../../../modules/JUCE/modules/juce_audio_devices; sourceTree = SOURCE_ROOT; };
		392D11306A0A5364E652D548 /* PluginEditor.h */ /* PluginEditor.h */ = {isa = PBXFileReference; lastKnownFileType = sourcecode.c.h; name = PluginEditor.h; path = ../../Source/PluginEditor.h; sourceTree = SOURCE_ROOT; };
		3944136978348094C0CB0592 /* juce_audio_processors */ /* juce_audio_processors */ = {isa = PBXFileReference; lastKnownFileType = folder; name = juce_audio_processors; path = ../../../modules/JUCE/modules/juce_audio_processors; sourceTree = SOURCE_ROOT; };
		3A349A9476BB8134346DC4B5 /* Colors.cpp */ /* Colors.cpp */ = {isa = PBXFileReference; lastKnownFileType = sourcecode.cpp.cpp; name = Colors.cpp; path = ../../Source/LAF/Colors.cpp; sourceTree = SOURCE_ROOT; };
		3A682B5634FC0F49768EFD96 /* Info-AU.plist */ /* Info-AU.plist */ = {isa = PBXFileReference; lastKnownFileType = text.plist.xml; name = "Info-AU.plist"; path = "Info-AU.plist"; sourceTree = SOURCE_ROOT; };
		3BAE8D104C71CB6B4382203F /* juce_gui_extra */ /* juce_gui_extra */ = {isa = PBXFileReference; lastKnownFileType = folder; name = juce_gui_extra; path = ../../../modules/JUCE/modules/juce_gui_extra; sourceTree = SOURCE_ROOT; };
		409D8E3BD1F94511DEC00F3D /* Info-Standalone_Plugin.plist */ /* Info-Standalone_Plugin.plist */ = {isa = PBXFileReference; lastKnownFileType = text.plist.xml; name = "Info-Standalone_Plugin.plist"; path = "Info-Standalone_Plugin.plist"; sourceTree = SOURCE_ROOT; };
		4267503AA62C6D5F03B51C75 /* juce_audio_plugin_client */ /* juce_audio_plugin_client */ = {isa = PBXFileReference; lastKnownFileType = folder; name = juce_audio_plugin_client; path = ../../../modules/JUCE/modules/juce_audio_plugin_client; sourceTree = SOURCE_ROOT; };
		4B6A699C0AE7CB8D48616A81 /* juce_audio_utils */ /* juce_audio_utils */ = {isa = PBXFileReference; lastKnownFileType = folder; name = juce_audio_utils; path = ../../../modules/JUCE/modules/juce_audio_utils; sourceTree = SOURCE_ROOT; };
		4F9B7CCD4AD95179A649B98D /* juce_core */ /* juce_core */ = {isa = PBXFileReference; lastKnownFileType = folder; name = juce_core; path = ../../../modules/JUCE/modules/juce_core; sourceTree = SOURCE_ROOT; };
		4FA2011A8ACD478ED97F033F /* include_juce_dsp.mm */ /* include_juce_dsp.mm */ = {isa = PBXFileReference; lastKnownFileType = sourcecode.cpp.objcpp; name = include_juce_dsp.mm; path = ../../JuceLibraryCode/include_juce_dsp.mm; sourceTree = SOURCE_ROOT; };
		511D0C1495C3CE1D0CA1482B /* CoreAudioKit.framework */ /* CoreAudioKit.framework */ = {isa = PBXFileReference; lastKnownFileType = wrapper.framework; name = CoreAudioKit.framework; path = System/Library/Frameworks/CoreAudioKit.framework; sourceTree = SDKROOT; };
		52931ACA93C392DB275EBDBD /* AudioUnit.framework */ /* AudioUnit.framework */ = {isa = PBXFileReference; lastKnownFileType = wrapper.framework; name = AudioUnit.framework; path = System/Library/Frameworks/AudioUnit.framework; sourceTree = SDKROOT; };
		55032A0E1160F7C29D17AA68 /* include_juce_audio_processors_ara.cpp */ /* include_juce_audio_processors_ara.cpp */ = {isa = PBXFileReference; lastKnownFileType = sourcecode.cpp.cpp; name = include_juce_audio_processors_ara.cpp; path = ../../JuceLibraryCode/include_juce_audio_processors_ara.cpp; sourceTree = SOURCE_ROOT; };
		5B6A3369EC5E184C1BB57276 /* Header.h */ /* Header.h */ = {isa = PBXFileReference; lastKnownFileType = sourcecode.c.h; name = Header.h; path = ../../Source/components/Header.h; sourceTree = SOURCE_ROOT; };
		62B7D0A353F1514DFB864FFA /* include_juce_audio_plugin_client_VST_utils.mm */ /* include_juce_audio_plugin_client_VST_utils.mm */ = {isa = PBXFileReference; lastKnownFileType = sourcecode.cpp.objcpp; name = include_juce_audio_plugin_client_VST_utils.mm; path = ../../JuceLibraryCode/include_juce_audio_plugin_client_VST_utils.mm; sourceTree = SOURCE_ROOT; };
		66E20E1EB58FF64B7FA92E2E /* PluginProcessor.cpp */ /* PluginProcessor.cpp */ = {isa = PBXFileReference; lastKnownFileType = sourcecode.cpp.cpp; name = PluginProcessor.cpp; path = ../../Source/PluginProcessor.cpp; sourceTree = SOURCE_ROOT; };
		695334EC96BC3BAB1D7A0C6C /* CoreMIDI.framework */ /* CoreMIDI.framework */ = {isa = PBXFileReference; lastKnownFileType = wrapper.framework; name = CoreMIDI.framework; path = System/Library/Frameworks/CoreMIDI.framework; sourceTree = SDKROOT; };
		6AB00881D7D7241F3E234388 /* Header.cpp */ /* Header.cpp */ = {isa = PBXFileReference; lastKnownFileType = sourcecode.cpp.cpp; name = Header.cpp; path = ../../Source/components/Header.cpp; sourceTree = SOURCE_ROOT; };
		6D8315761046437A0AF76146 /* Shared Code */ = {isa = PBXFileReference; explicitFileType = archive.ar; includeInIndex = 0; path = "libviator-voice-leveler.a"; sourceTree = BUILT_PRODUCTS_DIR; };
		6D89610217E871CA04692DCF /* RecentFilesMenuTemplate.nib */ /* RecentFilesMenuTemplate.nib */ = {isa = PBXFileReference; lastKnownFileType = file.nib; name = RecentFilesMenuTemplate.nib; path = RecentFilesMenuTemplate.nib; sourceTree = SOURCE_ROOT; };
		6F68C4F1E838A5B51ED2C517 /* include_juce_audio_plugin_client_Standalone.cpp */ /* include_juce_audio_plugin_client_Standalone.cpp */ = {isa = PBXFileReference; lastKnownFileType = sourcecode.cpp.cpp; name = include_juce_audio_plugin_client_Standalone.cpp; path = ../../JuceLibraryCode/include_juce_audio_plugin_client_Standalone.cpp; sourceTree = SOURCE_ROOT; };
		715C74D34148C2CAB08B1C36 /* include_juce_audio_devices.mm */ /* include_juce_audio_devices.mm */ = {isa = PBXFileReference; lastKnownFileType = sourcecode.cpp.objcpp; name = include_juce_audio_devices.mm; path = ../../JuceLibraryCode/include_juce_audio_devices.mm; sourceTree = SOURCE_ROOT; };
		7733B58D9A4405B64D9AD57B /* include_juce_audio_plugin_client_ARA.cpp */ /* include_juce_audio_plugin_client_ARA.cpp */ = {isa = PBXFileReference; lastKnownFileType = sourcecode.cpp.cpp; name = include_juce_audio_plugin_client_ARA.cpp; path = ../../JuceLibraryCode/include_juce_audio_plugin_client_ARA.cpp; sourceTree = SOURCE_ROOT; };
		7816F411EEC1690AD7A0F0F9 /* PresetBrowser.cpp */ /* PresetBrowser.cpp */ = {isa = PBXFileReference; lastKnownFileType = sourcecode.cpp.cpp; name = PresetBrowser.cpp; path = ../../Source/components/PresetBrowser.cpp; sourceTree = SOURCE_ROOT; };
		7C20BBED9C6AFCF2B3EBF9EC /* include_juce_audio_plugin_client_VST3.cpp */ /* include_juce_audio_plugin_client_VST3.cpp */ = {isa = PBXFileReference; lastKnownFileType = sourcecode.cpp.cpp; name = include_juce_audio_plugin_client_VST3.cpp; path = ../../JuceLibraryCode/include_juce_audio_plugin_client_VST3.cpp; sourceTree = SOURCE_ROOT; };
		7D9CFD4E5B0A829ACEEA07A9 /* AU */ = {isa = PBXFileReference; explicitFileType = wrapper.cfbundle; includeInIndex = 0; path = "viator-voice-leveler.component"; sourceTree = BUILT_PRODUCTS_DIR; };
		8479BBABDC1CE4D3299558EB /* include_viator_modules.cpp */ /* include_viator_modules.cpp */ = {isa = PBXFileReference; lastKnownFileType = sourcecode.cpp.cpp; name = include_viator_modules.cpp; path = ../../JuceLibraryCode/include_viator_modules.cpp; sourceTree = SOURCE_ROOT; };
		8938652DAA5274941841625F /* Cocoa.framework */ /* Cocoa.framework */ = {isa = PBXFileReference; lastKnownFileType = wrapper.framework; name = Cocoa.framework; path = System/Library/Frameworks/Cocoa.framework; sourceTree = SDKROOT; };
		8D3C41D188613C7EB13B850B /* juce_data_structures */ /* juce_data_structures */ = {isa = PBXFileReference; lastKnownFileType = folder; name = juce_data_structures; path = ../../../modules/JUCE/modules/juce_data_structures; sourceTree = SOURCE_ROOT; };
		8D86EA5A277C65D3BACC7F90 /* juce_gui_basics */ /* juce_gui_basics */ = {isa = PBXFileReference; lastKnownFileType = folder; name = juce_gui_basics; path = ../../../modules/JUCE/modules/juce_gui_basics; sourceTree = SOURCE_ROOT; };
		8E0CEE0F912DC7415C17D3BF /* DiscRecording.framework */ /* DiscRecording.framework */ = {isa = PBXFileReference; lastKnownFileType = wrapper.framework; name = DiscRecording.framework; path = System/Library/Frameworks/DiscRecording.framework; sourceTree = SDKROOT; };
		8E2C2DD061D2BBBC6ADC2F44 /* SettingsPage.cpp */ /* SettingsPage.cpp */ = {isa = PBXFileReference; lastKnownFileType = sourcecode.cpp.cpp; name = SettingsPage.cpp; path = ../../Source/components/SettingsPage.cpp; sourceTree = SOURCE_ROOT; };
		915CF9C95302C1A49E7EEFB5 /* include_juce_gui_basics.mm */ /* include_juce_gui_basics.mm */ = {isa = PBXFileReference; lastKnownFileType = sourcecode.cpp.objcpp; name = include_juce_gui_basics.mm; path = ../../JuceLibraryCode/include_juce_gui_basics.mm; sourceTree = SOURCE_ROOT; };
		96C2DE8BE057321E93054DC2 /* BinaryData.h */ /* BinaryData.h */ = {isa = PBXFileReference; lastKnownFileType = sourcecode.c.h; name = BinaryData.h; path = ../../JuceLibraryCode/BinaryData.h; sourceTree = SOURCE_ROOT; };
		9BD87BE7DC6C5CC62BF0D304 /* Standalone Plugin */ = {isa = PBXFileReference; explicitFileType = wrapper.application; includeInIndex = 0; path = "viator-voice-leveler.app"; sourceTree = BUILT_PRODUCTS_DIR; };
		9C52FA117C49F0B13CFE99B6 /* Parameters.cpp */ /* Parameters.cpp */ = {isa = PBXFileReference; lastKnownFileType = sourcecode.cpp.cpp; name = Parameters.cpp; path = ../../Source/Globals/Parameters.cpp; sourceTree = SOURCE_ROOT; };
		9C754008D35EA207AABDF4C9 /* NavBar.cpp */ /* NavBar.cpp */ = {isa = PBXFileReference; lastKnownFileType = sourcecode.cpp.cpp; name = NavBar.cpp; path = ../../Source/components/NavBar.cpp; sourceTree = SOURCE_ROOT; };
		A0547689CB4CD1C961848CCE /* include_juce_audio_processors_lv2_libs.cpp */ /* include_juce_audio_processors_lv2_libs.cpp */ = {isa = PBXFileReference; lastKnownFileType = sourcecode.cpp.cpp; name = include_juce_audio_processors_lv2_libs.cpp; path = ../../JuceLibraryCode/include_juce_audio_processors_lv2_libs.cpp; sourceTree = SOURCE_ROOT; };
		A11433F67055676F693F19F3 /* Globals.cpp */ /* Globals.cpp */ = {isa = PBXFileReference; lastKnownFileType = sourcecode.cpp.cpp; name = Globals.cpp; path = ../../Source/Globals/Globals.cpp; sourceTree = SOURCE_ROOT; };
		A947D2664EBE069D55910333 /* SettingsPage.h */ /* SettingsPage.h */ = {isa = PBXFileReference; lastKnownFileType = sourcecode.c.h; name = SettingsPage.h; path = ../../Source/components/SettingsPage.h; sourceTree = SOURCE_ROOT; };
		AADE4AE113203A57FC252D80 /* JuceHeader.h */ /* JuceHeader.h */ = {isa = PBXFileReference; lastKnownFileType = sourcecode.c.h; name = JuceHeader.h; path = ../../JuceLibraryCode/JuceHeader.h; sourceTree = SOURCE_ROOT; };
		ABE016BE54CC1BAB09A8B57B /* include_juce_audio_processors.mm */ /* include_juce_audio_processors.mm */ = {isa = PBXFileReference; lastKnownFileType = sourcecode.cpp.objcpp; name = include_juce_audio_processors.mm; path = ../../JuceLibraryCode/include_juce_audio_processors.mm; sourceTree = SOURCE_ROOT; };
		B3CB7DC32A7FD7B7F8A5A174 /* Globals.h */ /* Globals.h */ = {isa = PBXFileReference; lastKnownFileType = sourcecode.c.h; name = Globals.h; path = ../../Source/Globals/Globals.h; sourceTree = SOURCE_ROOT; };
		B4DBEBD414B23737534F0B44 /* viator_modules */ /* viator_modules */ = {isa = PBXFileReference; lastKnownFileType = folder; name = viator_modules; path = ../../../modules/viatordsp/viator_modules; sourceTree = SOURCE_ROOT; };
		BF8A03CEB6186B9F4591A50E /* include_juce_core.mm */ /* include_juce_core.mm */ = {isa = PBXFileReference; lastKnownFileType = sourcecode.cpp.objcpp; name = include_juce_core.mm; path = ../../JuceLibraryCode/include_juce_core.mm; sourceTree = SOURCE_ROOT; };
		C1D73E22196BD02D48E7A218 /* Colors.h */ /* Colors.h */ = {isa = PBXFileReference; lastKnownFileType = sourcecode.c.h; name = Colors.h; path = ../../Source/LAF/Colors.h; sourceTree = SOURCE_ROOT; };
		C2C5B325A58D11E25D7EBFA3 /* include_juce_gui_extra.mm */ /* include_juce_gui_extra.mm */ = {isa = PBXFileReference; lastKnownFileType = sourcecode.cpp.objcpp; name = include_juce_gui_extra.mm; path = ../../JuceLibraryCode/include_juce_gui_extra.mm; sourceTree = SOURCE_ROOT; };
		C4B411734EDF0065B4F950AB /* Info-VST3.plist */ /* Info-VST3.plist */ = {isa = PBXFileReference; lastKnownFileType = text.plist.xml; name = "Info-VST3.plist"; path = "Info-VST3.plist"; sourceTree = SOURCE_ROOT; };
		CA967B0E7C34CFEDBA103716 /* WebKit.framework */ /* WebKit.framework */ = {isa = PBXFileReference; lastKnownFileType = wrapper.framework; name = WebKit.framework; path = System/Library/Frameworks/WebKit.framework; sourceTree = SDKROOT; };
		D0108138852567D4A54BCD5E /* PluginEditor.cpp */ /* PluginEditor.cpp */ = {isa = PBXFileReference; lastKnownFileType = sourcecode.cpp.cpp; name = PluginEditor.cpp; path = ../../Source/PluginEditor.cpp; sourceTree = SOURCE_ROOT; };
		D247CA96FACEA59D4B18720E /* include_juce_graphics.mm */ /* include_juce_graphics.mm */ = {isa = PBXFileReference; lastKnownFileType = sourcecode.cpp.objcpp; name = include_juce_graphics.mm; path = ../../JuceLibraryCode/include_juce_graphics.mm; sourceTree = SOURCE_ROOT; };
		D95E294C08E9B99AD58B482A /* Foundation.framework */ /* Foundation.framework */ = {isa = PBXFileReference; lastKnownFileType = wrapper.framework; name = Foundation.framework; path = System/Library/Frameworks/Foundation.framework; sourceTree = SDKROOT; };
		DB576CF28073ACEF14B73739 /* BinaryData.cpp */ /* BinaryData.cpp */ = {isa = PBXFileReference; lastKnownFileType = sourcecode.cpp.cpp; name = BinaryData.cpp; path = ../../JuceLibraryCode/BinaryData.cpp; sourceTree = SOURCE_ROOT; };
		E2BACAD340D7D355CB948237 /* QuartzCore.framework */ /* QuartzCore.framework */ = {isa = PBXFileReference; lastKnownFileType = wrapper.framework; name = QuartzCore.framework; path = System/Library/Frameworks/QuartzCore.framework; sourceTree = SDKROOT; };
		E6D30C9709C7B1D9653F126C /* include_juce_events.mm */ /* include_juce_events.mm */ = {isa = PBXFileReference; lastKnownFileType = sourcecode.cpp.objcpp; name = include_juce_events.mm; path = ../../JuceLibraryCode/include_juce_events.mm; sourceTree = SOURCE_ROOT; };
		EC5E3A119B7B2BFE11D64FB0 /* Accelerate.framework */ /* Accelerate.framework */ = {isa = PBXFileReference; lastKnownFileType = wrapper.framework; name = Accelerate.framework; path = System/Library/Frameworks/Accelerate.framework; sourceTree = SDKROOT; };
		ED93CFB21C0B9A03A63DED35 /* juce_audio_basics */ /* juce_audio_basics */ = {isa = PBXFileReference; lastKnownFileType = folder; name = juce_audio_basics; path = ../../../modules/JUCE/modules/juce_audio_basics; sourceTree = SOURCE_ROOT; };
		EF29F5F9047C2AC147B0D046 /* AudioToolbox.framework */ /* AudioToolbox.framework */ = {isa = PBXFileReference; lastKnownFileType = wrapper.framework; name = AudioToolbox.framework; path = System/Library/Frameworks/AudioToolbox.framework; sourceTree = SDKROOT; };
		F13430F5189CA5C16889E5D6 /* Parameters.h */ /* Parameters.h */ = {isa = PBXFileReference; lastKnownFileType = sourcecode.c.h; name = Parameters.h; path = ../../Source/Globals/Parameters.h; sourceTree = SOURCE_ROOT; };
		F4365D9435FC2C2B31F05F54 /* include_juce_data_structures.mm */ /* include_juce_data_structures.mm */ = {isa = PBXFileReference; lastKnownFileType = sourcecode.cpp.objcpp; name = include_juce_data_structures.mm; path = ../../JuceLibraryCode/include_juce_data_structures.mm; sourceTree = SOURCE_ROOT; };
		F7404998138679699532F50A /* CoreAudio.framework */ /* CoreAudio.framework */ = {isa = PBXFileReference; lastKnownFileType = wrapper.framework; name = CoreAudio.framework; path = System/Library/Frameworks/CoreAudio.framework; sourceTree = SDKROOT; };
		FDBD7A708F077380AE733CFE /* juce_graphics */ /* juce_graphics */ = {isa = PBXFileReference; lastKnownFileType = folder; name = juce_graphics; path = ../../../modules/JUCE/modules/juce_graphics; sourceTree = SOURCE_ROOT; };
/* End PBXFileReference section */

/* Begin PBXFrameworksBuildPhase section */
		B635A1461223084213A4A600 = {
			isa = PBXFrameworksBuildPhase;
			buildActionMask = 2147483647;
			files = (
				F2FB1C9C6527ADC9E0BBE696,
				8BFC86964BDB9AB0BE0296AA,
				9C07351A0CE02EE485A62000,
				908866C474BEC25232060338,
				6C04C478140E36CA1878521F,
				580A684EA4822221067CE4DB,
				9DACE0B7F51FFF677B1B29C9,
				FA76922617A1DEFE436E62AC,
				8C9952C8FABBB1F89E19C509,
				C327A1BBF5BC1E559353D488,
				35C51D218CDD83E480C34AD5,
				7B2811221BFA194FF0D41F68,
			);
			runOnlyForDeploymentPostprocessing = 0;
		};
		B9805F4BA88DA1D8E09EDA09 = {
			isa = PBXFrameworksBuildPhase;
			buildActionMask = 2147483647;
			files = (
				8BFC86964BDB9AB0BE0296AA,
				9C07351A0CE02EE485A62000,
				908866C474BEC25232060338,
				6C04C478140E36CA1878521F,
				580A684EA4822221067CE4DB,
				9DACE0B7F51FFF677B1B29C9,
				FA76922617A1DEFE436E62AC,
				8C9952C8FABBB1F89E19C509,
				C327A1BBF5BC1E559353D488,
				35C51D218CDD83E480C34AD5,
				7B2811221BFA194FF0D41F68,
			);
			runOnlyForDeploymentPostprocessing = 0;
		};
		FB6ADACD19F251FB34447B1B = {
			isa = PBXFrameworksBuildPhase;
			buildActionMask = 2147483647;
			files = (
				8BFC86964BDB9AB0BE0296AA,
				9C07351A0CE02EE485A62000,
				908866C474BEC25232060338,
				6C04C478140E36CA1878521F,
				580A684EA4822221067CE4DB,
				9DACE0B7F51FFF677B1B29C9,
				FA76922617A1DEFE436E62AC,
				8C9952C8FABBB1F89E19C509,
				C327A1BBF5BC1E559353D488,
				35C51D218CDD83E480C34AD5,
				7B2811221BFA194FF0D41F68,
			);
			runOnlyForDeploymentPostprocessing = 0;
		};
/* End PBXFrameworksBuildPhase section */

/* Begin PBXGroup section */
		09D0418E89D1F6BE05A825D5 /* Assets */ = {
			isa = PBXGroup;
			children = (
				19F542F8A315E70221A3ACBC,
			);
			name = Assets;
			sourceTree = "<group>";
		};
		25D18178FA87A92E3668BE74 /* Frameworks */ = {
			isa = PBXGroup;
			children = (
				52931ACA93C392DB275EBDBD,
				EC5E3A119B7B2BFE11D64FB0,
				EF29F5F9047C2AC147B0D046,
				8938652DAA5274941841625F,
				F7404998138679699532F50A,
				511D0C1495C3CE1D0CA1482B,
				695334EC96BC3BAB1D7A0C6C,
				8E0CEE0F912DC7415C17D3BF,
				D95E294C08E9B99AD58B482A,
				3564F6AF6F09390F25B451CA,
				E2BACAD340D7D355CB948237,
				CA967B0E7C34CFEDBA103716,
			);
			name = Frameworks;
			sourceTree = "<group>";
		};
		4B8CF7DA81FFE7984E63BA91 /* JUCE Modules */ = {
			isa = PBXGroup;
			children = (
				ED93CFB21C0B9A03A63DED35,
				38C6444F32A554C7C963DF79,
				172EB989C547496635589DB2,
				4267503AA62C6D5F03B51C75,
				3944136978348094C0CB0592,
				4B6A699C0AE7CB8D48616A81,
				4F9B7CCD4AD95179A649B98D,
				8D3C41D188613C7EB13B850B,
				0E9C2F8C4807F11266E0EE24,
				2D77241EC5DD5AB8E3F80CB0,
				FDBD7A708F077380AE733CFE,
				8D86EA5A277C65D3BACC7F90,
				3BAE8D104C71CB6B4382203F,
				B4DBEBD414B23737534F0B44,
			);
			name = "JUCE Modules";
			sourceTree = "<group>";
		};
		601DE5B66E73351455E19E6A /* JUCE Library Code */ = {
			isa = PBXGroup;
			children = (
				DB576CF28073ACEF14B73739,
				96C2DE8BE057321E93054DC2,
				2F0879045BF77E27EBB90CED,
				715C74D34148C2CAB08B1C36,
				115AEB8E69668C9DA434D88F,
				7733B58D9A4405B64D9AD57B,
				2B8FD6EE8657DED4B638A7C3,
				08FF4E9EBDDF477D26A710FA,
				6F68C4F1E838A5B51ED2C517,
				2E55440978BE6EDA02AAF2BD,
				62B7D0A353F1514DFB864FFA,
				7C20BBED9C6AFCF2B3EBF9EC,
				ABE016BE54CC1BAB09A8B57B,
				55032A0E1160F7C29D17AA68,
				A0547689CB4CD1C961848CCE,
				294F9A5802382E54A6118C35,
				BF8A03CEB6186B9F4591A50E,
				F4365D9435FC2C2B31F05F54,
				4FA2011A8ACD478ED97F033F,
				E6D30C9709C7B1D9653F126C,
				D247CA96FACEA59D4B18720E,
				915CF9C95302C1A49E7EEFB5,
				C2C5B325A58D11E25D7EBFA3,
				8479BBABDC1CE4D3299558EB,
				AADE4AE113203A57FC252D80,
				20DAA7EED752BCB66836981B,
			);
			name = "JUCE Library Code";
			sourceTree = "<group>";
		};
		67CC9AEE3E67EB06C027B43A /* Products */ = {
			isa = PBXGroup;
			children = (
				2F57566A4BF9906686294B89,
				7D9CFD4E5B0A829ACEEA07A9,
				9BD87BE7DC6C5CC62BF0D304,
				6D8315761046437A0AF76146,
			);
			name = Products;
			sourceTree = "<group>";
		};
		835F2CE497E762FC72D19483 /* Resources */ = {
			isa = PBXGroup;
			children = (
				C4B411734EDF0065B4F950AB,
				3A682B5634FC0F49768EFD96,
				409D8E3BD1F94511DEC00F3D,
				6D89610217E871CA04692DCF,
			);
			name = Resources;
			sourceTree = "<group>";
		};
		8D9B9666204924A3D54B8BE0 /* Source */ = {
			isa = PBXGroup;
			children = (
				09D0418E89D1F6BE05A825D5,
				EA6ED52D3B5E3E746B10E1A6,
				F09D9872D3FAB357E6704CF0,
				020266F9A49B1E83E8579503,
				C93251AFBFD1700C2D432258,
				66E20E1EB58FF64B7FA92E2E,
				2DD187C32B6F6D77CFAC44CA,
				D0108138852567D4A54BCD5E,
				392D11306A0A5364E652D548,
			);
			name = Source;
			sourceTree = "<group>";
		};
		9C0035BEB33E43B14FE8A5FA /* viator-voice-leveler */ = {
			isa = PBXGroup;
			children = (
				8D9B9666204924A3D54B8BE0,
			);
			name = "viator-voice-leveler";
			sourceTree = "<group>";
		};
		A78FA2A0C2CBD7D7F4E2D487 /* Source */ = {
			isa = PBXGroup;
			children = (
				9C0035BEB33E43B14FE8A5FA,
				4B8CF7DA81FFE7984E63BA91,
				601DE5B66E73351455E19E6A,
				835F2CE497E762FC72D19483,
				25D18178FA87A92E3668BE74,
				67CC9AEE3E67EB06C027B43A,
			);
			name = Source;
			sourceTree = "<group>";
		};
		C93251AFBFD1700C2D432258 /* LAF */ = {
			isa = PBXGroup;
			children = (
				3A349A9476BB8134346DC4B5,
				C1D73E22196BD02D48E7A218,
			);
			name = LAF;
			sourceTree = "<group>";
		};
		EA6ED52D3B5E3E746B10E1A6 /* components */ = {
			isa = PBXGroup;
			children = (
				6AB00881D7D7241F3E234388,
				5B6A3369EC5E184C1BB57276,
				9C754008D35EA207AABDF4C9,
				387352D5760FF8707FD29AA3,
				7816F411EEC1690AD7A0F0F9,
				19AEFE48DDE13462F9DFF237,
				8E2C2DD061D2BBBC6ADC2F44,
				A947D2664EBE069D55910333,
			);
			name = components;
			sourceTree = "<group>";
		};
		F09D9872D3FAB357E6704CF0 /* Globals */ = {
			isa = PBXGroup;
			children = (
				A11433F67055676F693F19F3,
				B3CB7DC32A7FD7B7F8A5A174,
				9C52FA117C49F0B13CFE99B6,
				F13430F5189CA5C16889E5D6,
			);
			name = Globals;
			sourceTree = "<group>";
		};
/* End PBXGroup section */

/* Begin PBXNativeTarget section */
		29F4F9930DABB4EAE20A5A0A /* viator-voice-leveler - Standalone Plugin */ = {
			isa = PBXNativeTarget;
			buildConfigurationList = 4084BCBC66A44139FAA70E49;
			buildPhases = (
				32C7441C8C0D06BE0229DE31,
				69FDDD1818F40CB6EDDF4674,
				FB6ADACD19F251FB34447B1B,
			);
			buildRules = (
			);
			dependencies = (
				477DA7C2C110E12CA5EDFAE2,
			);
			name = "viator-voice-leveler - Standalone Plugin";
			productName = "viator-voice-leveler";
			productReference = 9BD87BE7DC6C5CC62BF0D304;
			productType = "com.apple.product-type.application";
		};
		38CC852FCE0474FD3DB40BB0 /* viator-voice-leveler - VST3 */ = {
			isa = PBXNativeTarget;
			buildConfigurationList = 94DE0B8836BEE935B3211CBA;
			buildPhases = (
				155023158AED2F1DF64AB9D9,
				A891C3D5652045EDB3EC6AFD,
				B9805F4BA88DA1D8E09EDA09,
			);
			buildRules = (
			);
			dependencies = (
				024F79D5FCD48D33E1EB645D,
			);
			name = "viator-voice-leveler - VST3";
			productName = "viator-voice-leveler";
			productReference = 2F57566A4BF9906686294B89;
			productType = "com.apple.product-type.bundle";
		};
		929F77073F4AD62A668FD43F /* viator-voice-leveler - Shared Code */ = {
			isa = PBXNativeTarget;
			buildConfigurationList = 4063CF675D53C0AFD17254A2;
			buildPhases = (
				7FE117DDDB56926524F53C7B,
			);
			buildRules = (
			);
			dependencies = (
			);
			name = "viator-voice-leveler - Shared Code";
			productName = "viator-voice-leveler";
			productReference = 6D8315761046437A0AF76146;
			productType = "com.apple.product-type.library.static";
		};
		ACD2AAC7E7C19CCC11E8858C /* viator-voice-leveler - AU */ = {
			isa = PBXNativeTarget;
			buildConfigurationList = DCC60A021F3347D73A14900A;
			buildPhases = (
				4DABBD87FC3D254440CA89B9,
				E72AEDBCA54F24971C8F16DA,
				B635A1461223084213A4A600,
			);
			buildRules = (
			);
			dependencies = (
				FC8F3432C301AC0155C96DBA,
			);
			name = "viator-voice-leveler - AU";
			productName = "viator-voice-leveler";
			productReference = 7D9CFD4E5B0A829ACEEA07A9;
			productType = "com.apple.product-type.bundle";
		};
/* End PBXNativeTarget section */

/* Begin PBXProject section */
		E284B2E6D9CDB45610E2C02E = {
			isa = PBXProject;
			attributes = {
				LastUpgradeCheck = 1340;
				ORGANIZATIONNAME = "";
				TargetAttributes = {
					29F4F9930DABB4EAE20A5A0A = {
						SystemCapabilities = {
							com.apple.ApplicationGroups.iOS = {
								enabled = 0;
							};
							com.apple.HardenedRuntime = {
								enabled = 0;
							};
							com.apple.InAppPurchase = {
								enabled = 0;
							};
							com.apple.InterAppAudio = {
								enabled = 0;
							};
							com.apple.Push = {
								enabled = 0;
							};
							com.apple.Sandbox = {
								enabled = 0;
							};
						};
					};
					38CC852FCE0474FD3DB40BB0 = {
						SystemCapabilities = {
							com.apple.ApplicationGroups.iOS = {
								enabled = 0;
							};
							com.apple.HardenedRuntime = {
								enabled = 0;
							};
							com.apple.InAppPurchase = {
								enabled = 0;
							};
							com.apple.InterAppAudio = {
								enabled = 0;
							};
							com.apple.Push = {
								enabled = 0;
							};
							com.apple.Sandbox = {
								enabled = 0;
							};
						};
					};
					929F77073F4AD62A668FD43F = {
						SystemCapabilities = {
							com.apple.ApplicationGroups.iOS = {
								enabled = 0;
							};
							com.apple.HardenedRuntime = {
								enabled = 0;
							};
							com.apple.InAppPurchase = {
								enabled = 0;
							};
							com.apple.InterAppAudio = {
								enabled = 0;
							};
							com.apple.Push = {
								enabled = 0;
							};
							com.apple.Sandbox = {
								enabled = 0;
							};
						};
					};
					ACD2AAC7E7C19CCC11E8858C = {
						SystemCapabilities = {
							com.apple.ApplicationGroups.iOS = {
								enabled = 0;
							};
							com.apple.HardenedRuntime = {
								enabled = 0;
							};
							com.apple.InAppPurchase = {
								enabled = 0;
							};
							com.apple.InterAppAudio = {
								enabled = 0;
							};
							com.apple.Push = {
								enabled = 0;
							};
							com.apple.Sandbox = {
								enabled = 0;
							};
						};
					};
					EE5351EE8559F80326DA41D8 = {
						SystemCapabilities = {
							com.apple.ApplicationGroups.iOS = {
								enabled = 0;
							};
							com.apple.HardenedRuntime = {
								enabled = 0;
							};
							com.apple.InAppPurchase = {
								enabled = 0;
							};
							com.apple.InterAppAudio = {
								enabled = 0;
							};
							com.apple.Push = {
								enabled = 0;
							};
							com.apple.Sandbox = {
								enabled = 0;
							};
						};
					};
				};
			};
			buildConfigurationList = EE650A1D781BCD8074ECB693;
			compatibilityVersion = "Xcode 3.2";
			hasScannedForEncodings = 0;
			knownRegions = (
				en,
				Base,
			);
			mainGroup = A78FA2A0C2CBD7D7F4E2D487;
			projectDirPath = "";
			projectRoot = "";
			targets = (
				EE5351EE8559F80326DA41D8,
				38CC852FCE0474FD3DB40BB0,
				ACD2AAC7E7C19CCC11E8858C,
				29F4F9930DABB4EAE20A5A0A,
				929F77073F4AD62A668FD43F,
			);
		};
/* End PBXProject section */

/* Begin PBXResourcesBuildPhase section */
		155023158AED2F1DF64AB9D9 = {
			isa = PBXResourcesBuildPhase;
			buildActionMask = 2147483647;
			files = (
				C9DE77861E65C88E20B50423,
			);
			runOnlyForDeploymentPostprocessing = 0;
		};
		32C7441C8C0D06BE0229DE31 = {
			isa = PBXResourcesBuildPhase;
			buildActionMask = 2147483647;
			files = (
				C9DE77861E65C88E20B50423,
			);
			runOnlyForDeploymentPostprocessing = 0;
		};
		4DABBD87FC3D254440CA89B9 = {
			isa = PBXResourcesBuildPhase;
			buildActionMask = 2147483647;
			files = (
				C9DE77861E65C88E20B50423,
			);
			runOnlyForDeploymentPostprocessing = 0;
		};
/* End PBXResourcesBuildPhase section */

/* Begin PBXSourcesBuildPhase section */
		69FDDD1818F40CB6EDDF4674 = {
			isa = PBXSourcesBuildPhase;
			buildActionMask = 2147483647;
			files = (
				A243957604B8CD0A5B21C196,
			);
			runOnlyForDeploymentPostprocessing = 0;
		};
		7FE117DDDB56926524F53C7B = {
			isa = PBXSourcesBuildPhase;
			buildActionMask = 2147483647;
			files = (
				77AA815221A03B2B1653E124,
				ADE7F8196C998AD91D16973D,
				C50B474C4B538AFF63EA0B41,
				4789A3392C61FC067A52A38D,
				BD47D0F8311CC51112372901,
				1E262BAAC77DA11965A67F33,
				D5432C2DCE1D96449B4DC3D3,
				FA4DD0C81D7A333568C33A6E,
				06DBECA9CA5F4D23C971F814,
				A9AD2ED6FFA946F23751886F,
				58F6B33C48AF7EB1E749193C,
				EF48F140D2BE8556E2C059FB,
				AA14FBA605F98B0945D66DF5,
				E5E10EBEB3577575EA40388B,
				D30B2732249F9902BCDA2BD8,
				519CDE60DDF26274474AEE3B,
				BED7CD63F710DB4AA4134A3B,
				AD9055BDE4BB39F270C1F9D3,
				7B108B67837C7D025DB84797,
				FD078C3D4829FE1A7049E3F0,
				BC12F73C3234D38354AE1303,
				69E18E1182051C262B9C4204,
				003AEEFD6A6FE9BF0615C84D,
				CB482738BC75427EFC65409F,
				9819836C02DCCC215DBFFC28,
				2C05E89D89D6AA6DD21F7784,
				B780FB5CE9EE095BD0F36A4B,
				B184AB72CB3D6D9059666B3A,
			);
			runOnlyForDeploymentPostprocessing = 0;
		};
		A891C3D5652045EDB3EC6AFD = {
			isa = PBXSourcesBuildPhase;
			buildActionMask = 2147483647;
			files = (
				CDBC0FE9EBAEB6FB3FEC2806,
			);
			runOnlyForDeploymentPostprocessing = 0;
		};
		E72AEDBCA54F24971C8F16DA = {
			isa = PBXSourcesBuildPhase;
			buildActionMask = 2147483647;
			files = (
				FFF4AC2EADBB02C6AAA48E0C,
				246CA98D4CAE3A96FDEE0574,
			);
			runOnlyForDeploymentPostprocessing = 0;
		};
/* End PBXSourcesBuildPhase section */

/* Begin PBXTargetDependency section */
		024F79D5FCD48D33E1EB645D = {
			isa = PBXTargetDependency;
			target = 929F77073F4AD62A668FD43F;
		};
		477DA7C2C110E12CA5EDFAE2 = {
			isa = PBXTargetDependency;
			target = 929F77073F4AD62A668FD43F;
		};
		4994176C787B9F91F550EF3E = {
			isa = PBXTargetDependency;
			target = 38CC852FCE0474FD3DB40BB0;
		};
		5918CB255997BB04C1230BB9 = {
			isa = PBXTargetDependency;
			target = 29F4F9930DABB4EAE20A5A0A;
		};
		8621FD10A21A13E8C0151630 = {
			isa = PBXTargetDependency;
			target = ACD2AAC7E7C19CCC11E8858C;
		};
		FC8F3432C301AC0155C96DBA = {
			isa = PBXTargetDependency;
			target = 929F77073F4AD62A668FD43F;
		};
		FFDAA9DD44D6CE99245B51DC = {
			isa = PBXTargetDependency;
			target = 929F77073F4AD62A668FD43F;
		};
/* End PBXTargetDependency section */

/* Begin XCBuildConfiguration section */
		19BB8FE9C066984C18BFFC7C /* Release */ = {
			isa = XCBuildConfiguration;
			buildSettings = {
				MACOSX_DEPLOYMENT_TARGET = 10.13;
				SDKROOT = macosx;
			};
			name = Release;
		};
		19EB31FA438F9164CF72FE42 /* Debug */ = {
			isa = XCBuildConfiguration;
			buildSettings = {
				ALWAYS_SEARCH_USER_PATHS = NO;
				CLANG_ENABLE_OBJC_WEAK = YES;
				CLANG_WARN_BLOCK_CAPTURE_AUTORELEASING = YES;
				CLANG_WARN_BOOL_CONVERSION = YES;
				CLANG_WARN_COMMA = YES;
				CLANG_WARN_CONSTANT_CONVERSION = YES;
				CLANG_WARN_DEPRECATED_OBJC_IMPLEMENTATIONS = YES;
				CLANG_WARN_EMPTY_BODY = YES;
				CLANG_WARN_ENUM_CONVERSION = YES;
				CLANG_WARN_INFINITE_RECURSION = YES;
				CLANG_WARN_INT_CONVERSION = YES;
				CLANG_WARN_NON_LITERAL_NULL_CONVERSION = YES;
				CLANG_WARN_OBJC_IMPLICIT_RETAIN_SELF = YES;
				CLANG_WARN_OBJC_LITERAL_CONVERSION = YES;
				CLANG_WARN_RANGE_LOOP_ANALYSIS = YES;
				CLANG_WARN_STRICT_PROTOTYPES = YES;
				CLANG_WARN_SUSPICIOUS_MOVE = YES;
				CLANG_WARN_UNREACHABLE_CODE = YES;
				CLANG_WARN__DUPLICATE_METHOD_MATCH = YES;
				DEBUG_INFORMATION_FORMAT = dwarf;
				ENABLE_STRICT_OBJC_MSGSEND = YES;
				ENABLE_TESTABILITY = NO;
				GCC_C_LANGUAGE_STANDARD = c11;
				GCC_INLINES_ARE_PRIVATE_EXTERN = YES;
				GCC_MODEL_TUNING = G5;
				GCC_NO_COMMON_BLOCKS = YES;
				GCC_SYMBOLS_PRIVATE_EXTERN = YES;
				GCC_WARN_64_TO_32_BIT_CONVERSION = YES;
				GCC_WARN_ABOUT_RETURN_TYPE = YES;
				GCC_WARN_CHECK_SWITCH_STATEMENTS = YES;
				GCC_WARN_MISSING_PARENTHESES = YES;
				GCC_WARN_NON_VIRTUAL_DESTRUCTOR = YES;
				GCC_WARN_TYPECHECK_CALLS_TO_PRINTF = YES;
				GCC_WARN_UNDECLARED_SELECTOR = YES;
				GCC_WARN_UNINITIALIZED_AUTOS = YES;
				GCC_WARN_UNUSED_FUNCTION = YES;
				GCC_WARN_UNUSED_VARIABLE = YES;
				ONLY_ACTIVE_ARCH = YES;
				PRODUCT_NAME = "viator-voice-leveler";
				SDKROOT = macosx;
				WARNING_CFLAGS = "-Wreorder";
				ZERO_LINK = NO;
			};
			name = Debug;
		};
		1E8D2CD7420F9DC2B1EEC4FA /* Debug */ = {
			isa = XCBuildConfiguration;
			buildSettings = {
				CLANG_CXX_LANGUAGE_STANDARD = "c++17";
				CLANG_CXX_LIBRARY = "libc++";
				CLANG_LINK_OBJC_RUNTIME = NO;
				COMBINE_HIDPI_IMAGES = YES;
				CONFIGURATION_BUILD_DIR = "$(PROJECT_DIR)/build/$(CONFIGURATION)";
				COPY_PHASE_STRIP = NO;
				DEPLOYMENT_LOCATION = YES;
				DSTROOT = /;
				EXCLUDED_ARCHS = "";
				GCC_DYNAMIC_NO_PIC = NO;
				GCC_OPTIMIZATION_LEVEL = 0;
				GCC_PREPROCESSOR_DEFINITIONS = (
					"_DEBUG=1",
					"DEBUG=1",
					"JUCE_DISPLAY_SPLASH_SCREEN=0",
					"JUCE_USE_DARK_SPLASH_SCREEN=1",
					"JUCE_PROJUCER_VERSION=0x70005",
					"JUCE_MODULE_AVAILABLE_juce_audio_basics=1",
					"JUCE_MODULE_AVAILABLE_juce_audio_devices=1",
					"JUCE_MODULE_AVAILABLE_juce_audio_formats=1",
					"JUCE_MODULE_AVAILABLE_juce_audio_plugin_client=1",
					"JUCE_MODULE_AVAILABLE_juce_audio_processors=1",
					"JUCE_MODULE_AVAILABLE_juce_audio_utils=1",
					"JUCE_MODULE_AVAILABLE_juce_core=1",
					"JUCE_MODULE_AVAILABLE_juce_data_structures=1",
					"JUCE_MODULE_AVAILABLE_juce_dsp=1",
					"JUCE_MODULE_AVAILABLE_juce_events=1",
					"JUCE_MODULE_AVAILABLE_juce_graphics=1",
					"JUCE_MODULE_AVAILABLE_juce_gui_basics=1",
					"JUCE_MODULE_AVAILABLE_juce_gui_extra=1",
					"JUCE_MODULE_AVAILABLE_viator_modules=1",
					"JUCE_GLOBAL_MODULE_SETTINGS_INCLUDED=1",
					"JUCE_VST3_CAN_REPLACE_VST2=0",
					"JUCE_STRICT_REFCOUNTEDPOINTER=1",
					"JucePlugin_Build_VST=0",
					"JucePlugin_Build_VST3=1",
					"JucePlugin_Build_AU=0",
					"JucePlugin_Build_AUv3=0",
					"JucePlugin_Build_AAX=0",
					"JucePlugin_Build_Standalone=0",
					"JucePlugin_Build_Unity=0",
					"JucePlugin_Build_LV2=0",
					"JucePlugin_Enable_IAA=0",
					"JucePlugin_Enable_ARA=0",
					"JucePlugin_Name=\\\"viator-voice-leveler\\\"",
					"JucePlugin_Desc=\\\"viator-voice-leveler\\\"",
					"JucePlugin_Manufacturer=\\\"yourcompany\\\"",
					"JucePlugin_ManufacturerWebsite=\\\"www.yourcompany.com\\\"",
					"JucePlugin_ManufacturerEmail=\\\"\\\"",
					"JucePlugin_ManufacturerCode=0x4d616e75",
					"JucePlugin_PluginCode=0x4f6a7161",
					"JucePlugin_IsSynth=0",
					"JucePlugin_WantsMidiInput=0",
					"JucePlugin_ProducesMidiOutput=0",
					"JucePlugin_IsMidiEffect=0",
					"JucePlugin_EditorRequiresKeyboardFocus=0",
					"JucePlugin_Version=1.0.0",
					"JucePlugin_VersionCode=0x10000",
					"JucePlugin_VersionString=\\\"1.0.0\\\"",
					"JucePlugin_VSTUniqueID=JucePlugin_PluginCode",
					"JucePlugin_VSTCategory=kPlugCategEffect",
					"JucePlugin_Vst3Category=\\\"Fx\\\"",
					"JucePlugin_AUMainType=\\'aufx\\'",
					"JucePlugin_AUSubType=JucePlugin_PluginCode",
					"JucePlugin_AUExportPrefix=viatorvoicelevelerAU",
					"JucePlugin_AUExportPrefixQuoted=\\\"viatorvoicelevelerAU\\\"",
					"JucePlugin_AUManufacturerCode=JucePlugin_ManufacturerCode",
					"JucePlugin_CFBundleIdentifier=com.yourcompany.viatorvoiceleveler",
					"JucePlugin_AAXIdentifier=com.yourcompany.viatorvoiceleveler",
					"JucePlugin_AAXManufacturerCode=JucePlugin_ManufacturerCode",
					"JucePlugin_AAXProductId=JucePlugin_PluginCode",
					"JucePlugin_AAXCategory=0",
					"JucePlugin_AAXDisableBypass=0",
					"JucePlugin_AAXDisableMultiMono=0",
					"JucePlugin_IAAType=0x61757278",
					"JucePlugin_IAASubType=JucePlugin_PluginCode",
					"JucePlugin_IAAName=\\\"yourcompany:\\ viator-voice-leveler\\\"",
					"JucePlugin_VSTNumMidiInputs=16",
					"JucePlugin_VSTNumMidiOutputs=16",
					"JucePlugin_ARAContentTypes=0",
					"JucePlugin_ARATransformationFlags=0",
					"JucePlugin_ARAFactoryID=\\\"com.yourcompany.viatorvoiceleveler.factory\\\"",
					"JucePlugin_ARADocumentArchiveID=\\\"com.yourcompany.viatorvoiceleveler.aradocumentarchive.1.0.0\\\"",
					"JucePlugin_ARACompatibleArchiveIDs=\\\"\\\"",
					"JUCE_STANDALONE_APPLICATION=JucePlugin_Build_Standalone",
					"JUCER_XCODE_MAC_F6D2F4CF=1",
					"JUCE_APP_VERSION=1.0.0",
					"JUCE_APP_VERSION_HEX=0x10000",
				);
				GCC_VERSION = com.apple.compilers.llvm.clang.1_0;
				GENERATE_PKGINFO_FILE = YES;
				HEADER_SEARCH_PATHS = (
					"$(SRCROOT)/../../../modules/JUCE/modules/juce_audio_processors/format_types/VST3_SDK",
					"$(SRCROOT)/../../JuceLibraryCode",
					"$(SRCROOT)/../../../modules/JUCE/modules",
					"$(SRCROOT)/../../../modules/viatordsp",
					"$(SRCROOT)/../../../modules/JUCE/modules/juce_audio_plugin_client/AU",
					"$(inherited)",
				);
				INFOPLIST_FILE = Info-VST3.plist;
				INFOPLIST_PREPROCESS = NO;
				INSTALL_PATH = "$(HOME)/Library/Audio/Plug-Ins/VST3/";
				LIBRARY_STYLE = Bundle;
				MACOSX_DEPLOYMENT_TARGET = 10.13;
				MTL_HEADER_SEARCH_PATHS = "$(SRCROOT)/../../../modules/JUCE/modules/juce_audio_processors/format_types/VST3_SDK $(SRCROOT)/../../JuceLibraryCode $(SRCROOT)/../../../modules/JUCE/modules $(SRCROOT)/../../../modules/viatordsp $(SRCROOT)/../../../modules/JUCE/modules/juce_audio_plugin_client/AU";
				OTHER_LDFLAGS = "-bundle -lviator-voice-leveler -weak_framework Metal -weak_framework MetalKit";
				PRODUCT_BUNDLE_IDENTIFIER = com.yourcompany.viatorvoiceleveler;
				PRODUCT_NAME = "viator-voice-leveler";
				USE_HEADERMAP = NO;
				VALID_ARCHS = "i386 x86_64 arm64 arm64e";
				WRAPPER_EXTENSION = vst3;
			};
			name = Debug;
		};
		2EAABD1CAB3AE0EDD69456D9 /* Debug */ = {
			isa = XCBuildConfiguration;
			buildSettings = {
				CLANG_CXX_LANGUAGE_STANDARD = "c++17";
				CLANG_CXX_LIBRARY = "libc++";
				CLANG_LINK_OBJC_RUNTIME = NO;
				COMBINE_HIDPI_IMAGES = YES;
				CONFIGURATION_BUILD_DIR = "$(PROJECT_DIR)/build/$(CONFIGURATION)";
				COPY_PHASE_STRIP = NO;
				DEPLOYMENT_LOCATION = YES;
				DSTROOT = /;
				EXCLUDED_ARCHS = "";
				GCC_DYNAMIC_NO_PIC = NO;
				GCC_OPTIMIZATION_LEVEL = 0;
				GCC_PREPROCESSOR_DEFINITIONS = (
					"_DEBUG=1",
					"DEBUG=1",
					"JUCE_DISPLAY_SPLASH_SCREEN=0",
					"JUCE_USE_DARK_SPLASH_SCREEN=1",
					"JUCE_PROJUCER_VERSION=0x70005",
					"JUCE_MODULE_AVAILABLE_juce_audio_basics=1",
					"JUCE_MODULE_AVAILABLE_juce_audio_devices=1",
					"JUCE_MODULE_AVAILABLE_juce_audio_formats=1",
					"JUCE_MODULE_AVAILABLE_juce_audio_plugin_client=1",
					"JUCE_MODULE_AVAILABLE_juce_audio_processors=1",
					"JUCE_MODULE_AVAILABLE_juce_audio_utils=1",
					"JUCE_MODULE_AVAILABLE_juce_core=1",
					"JUCE_MODULE_AVAILABLE_juce_data_structures=1",
					"JUCE_MODULE_AVAILABLE_juce_dsp=1",
					"JUCE_MODULE_AVAILABLE_juce_events=1",
					"JUCE_MODULE_AVAILABLE_juce_graphics=1",
					"JUCE_MODULE_AVAILABLE_juce_gui_basics=1",
					"JUCE_MODULE_AVAILABLE_juce_gui_extra=1",
					"JUCE_MODULE_AVAILABLE_viator_modules=1",
					"JUCE_GLOBAL_MODULE_SETTINGS_INCLUDED=1",
					"JUCE_VST3_CAN_REPLACE_VST2=0",
					"JUCE_STRICT_REFCOUNTEDPOINTER=1",
					"JucePlugin_Build_VST=0",
					"JucePlugin_Build_VST3=0",
					"JucePlugin_Build_AU=1",
					"JucePlugin_Build_AUv3=0",
					"JucePlugin_Build_AAX=0",
					"JucePlugin_Build_Standalone=0",
					"JucePlugin_Build_Unity=0",
					"JucePlugin_Build_LV2=0",
					"JucePlugin_Enable_IAA=0",
					"JucePlugin_Enable_ARA=0",
					"JucePlugin_Name=\\\"viator-voice-leveler\\\"",
					"JucePlugin_Desc=\\\"viator-voice-leveler\\\"",
					"JucePlugin_Manufacturer=\\\"yourcompany\\\"",
					"JucePlugin_ManufacturerWebsite=\\\"www.yourcompany.com\\\"",
					"JucePlugin_ManufacturerEmail=\\\"\\\"",
					"JucePlugin_ManufacturerCode=0x4d616e75",
					"JucePlugin_PluginCode=0x4f6a7161",
					"JucePlugin_IsSynth=0",
					"JucePlugin_WantsMidiInput=0",
					"JucePlugin_ProducesMidiOutput=0",
					"JucePlugin_IsMidiEffect=0",
					"JucePlugin_EditorRequiresKeyboardFocus=0",
					"JucePlugin_Version=1.0.0",
					"JucePlugin_VersionCode=0x10000",
					"JucePlugin_VersionString=\\\"1.0.0\\\"",
					"JucePlugin_VSTUniqueID=JucePlugin_PluginCode",
					"JucePlugin_VSTCategory=kPlugCategEffect",
					"JucePlugin_Vst3Category=\\\"Fx\\\"",
					"JucePlugin_AUMainType=\\'aufx\\'",
					"JucePlugin_AUSubType=JucePlugin_PluginCode",
					"JucePlugin_AUExportPrefix=viatorvoicelevelerAU",
					"JucePlugin_AUExportPrefixQuoted=\\\"viatorvoicelevelerAU\\\"",
					"JucePlugin_AUManufacturerCode=JucePlugin_ManufacturerCode",
					"JucePlugin_CFBundleIdentifier=com.yourcompany.viatorvoiceleveler",
					"JucePlugin_AAXIdentifier=com.yourcompany.viatorvoiceleveler",
					"JucePlugin_AAXManufacturerCode=JucePlugin_ManufacturerCode",
					"JucePlugin_AAXProductId=JucePlugin_PluginCode",
					"JucePlugin_AAXCategory=0",
					"JucePlugin_AAXDisableBypass=0",
					"JucePlugin_AAXDisableMultiMono=0",
					"JucePlugin_IAAType=0x61757278",
					"JucePlugin_IAASubType=JucePlugin_PluginCode",
					"JucePlugin_IAAName=\\\"yourcompany:\\ viator-voice-leveler\\\"",
					"JucePlugin_VSTNumMidiInputs=16",
					"JucePlugin_VSTNumMidiOutputs=16",
					"JucePlugin_ARAContentTypes=0",
					"JucePlugin_ARATransformationFlags=0",
					"JucePlugin_ARAFactoryID=\\\"com.yourcompany.viatorvoiceleveler.factory\\\"",
					"JucePlugin_ARADocumentArchiveID=\\\"com.yourcompany.viatorvoiceleveler.aradocumentarchive.1.0.0\\\"",
					"JucePlugin_ARACompatibleArchiveIDs=\\\"\\\"",
					"JUCE_STANDALONE_APPLICATION=JucePlugin_Build_Standalone",
					"JUCER_XCODE_MAC_F6D2F4CF=1",
					"JUCE_APP_VERSION=1.0.0",
					"JUCE_APP_VERSION_HEX=0x10000",
				);
				GCC_VERSION = com.apple.compilers.llvm.clang.1_0;
				GENERATE_PKGINFO_FILE = YES;
				HEADER_SEARCH_PATHS = (
					"$(SRCROOT)/../../../modules/JUCE/modules/juce_audio_processors/format_types/VST3_SDK",
					"$(SRCROOT)/../../JuceLibraryCode",
					"$(SRCROOT)/../../../modules/JUCE/modules",
					"$(SRCROOT)/../../../modules/viatordsp",
					"$(SRCROOT)/../../../modules/JUCE/modules/juce_audio_plugin_client/AU",
					"$(inherited)",
				);
				INFOPLIST_FILE = Info-AU.plist;
				INFOPLIST_PREPROCESS = NO;
				INSTALL_PATH = "$(HOME)/Library/Audio/Plug-Ins/Components/";
				LIBRARY_STYLE = Bundle;
				MACOSX_DEPLOYMENT_TARGET = 10.13;
				MTL_HEADER_SEARCH_PATHS = "$(SRCROOT)/../../../modules/JUCE/modules/juce_audio_processors/format_types/VST3_SDK $(SRCROOT)/../../JuceLibraryCode $(SRCROOT)/../../../modules/JUCE/modules $(SRCROOT)/../../../modules/viatordsp $(SRCROOT)/../../../modules/JUCE/modules/juce_audio_plugin_client/AU";
				OTHER_LDFLAGS = "-bundle -lviator-voice-leveler -weak_framework Metal -weak_framework MetalKit";
				OTHER_REZFLAGS = "-d ppc_$ppc -d i386_$i386 -d ppc64_$ppc64 -d x86_64_$x86_64 -d arm64_$arm64 -I /System/Library/Frameworks/CoreServices.framework/Frameworks/CarbonCore.framework/Versions/A/Headers -I \"$(DEVELOPER_DIR)/Extras/CoreAudio/AudioUnits/AUPublic/AUBase\" -I \"$(DEVELOPER_DIR)/Platforms/MacOSX.platform/Developer/SDKs/MacOSX.sdk/System/Library/Frameworks/AudioUnit.framework/Headers\"";
				PRODUCT_BUNDLE_IDENTIFIER = com.yourcompany.viatorvoiceleveler;
				PRODUCT_NAME = "viator-voice-leveler";
				USE_HEADERMAP = NO;
				VALID_ARCHS = "i386 x86_64 arm64 arm64e";
				WRAPPER_EXTENSION = component;
			};
			name = Debug;
		};
		43F33E7923992016ABBD15E3 /* Release */ = {
			isa = XCBuildConfiguration;
			buildSettings = {
				CLANG_CXX_LANGUAGE_STANDARD = "c++17";
				CLANG_CXX_LIBRARY = "libc++";
				CLANG_LINK_OBJC_RUNTIME = NO;
				COMBINE_HIDPI_IMAGES = YES;
				CONFIGURATION_BUILD_DIR = "$(PROJECT_DIR)/build/$(CONFIGURATION)";
				DEAD_CODE_STRIPPING = YES;
				DEPLOYMENT_LOCATION = YES;
				DSTROOT = /;
				EXCLUDED_ARCHS = "";
				GCC_GENERATE_DEBUGGING_SYMBOLS = NO;
				GCC_OPTIMIZATION_LEVEL = 3;
				GCC_PREPROCESSOR_DEFINITIONS = (
					"_NDEBUG=1",
					"NDEBUG=1",
					"JUCE_DISPLAY_SPLASH_SCREEN=0",
					"JUCE_USE_DARK_SPLASH_SCREEN=1",
					"JUCE_PROJUCER_VERSION=0x70005",
					"JUCE_MODULE_AVAILABLE_juce_audio_basics=1",
					"JUCE_MODULE_AVAILABLE_juce_audio_devices=1",
					"JUCE_MODULE_AVAILABLE_juce_audio_formats=1",
					"JUCE_MODULE_AVAILABLE_juce_audio_plugin_client=1",
					"JUCE_MODULE_AVAILABLE_juce_audio_processors=1",
					"JUCE_MODULE_AVAILABLE_juce_audio_utils=1",
					"JUCE_MODULE_AVAILABLE_juce_core=1",
					"JUCE_MODULE_AVAILABLE_juce_data_structures=1",
					"JUCE_MODULE_AVAILABLE_juce_dsp=1",
					"JUCE_MODULE_AVAILABLE_juce_events=1",
					"JUCE_MODULE_AVAILABLE_juce_graphics=1",
					"JUCE_MODULE_AVAILABLE_juce_gui_basics=1",
					"JUCE_MODULE_AVAILABLE_juce_gui_extra=1",
					"JUCE_MODULE_AVAILABLE_viator_modules=1",
					"JUCE_GLOBAL_MODULE_SETTINGS_INCLUDED=1",
					"JUCE_VST3_CAN_REPLACE_VST2=0",
					"JUCE_STRICT_REFCOUNTEDPOINTER=1",
					"JucePlugin_Build_VST=0",
					"JucePlugin_Build_VST3=1",
					"JucePlugin_Build_AU=0",
					"JucePlugin_Build_AUv3=0",
					"JucePlugin_Build_AAX=0",
					"JucePlugin_Build_Standalone=0",
					"JucePlugin_Build_Unity=0",
					"JucePlugin_Build_LV2=0",
					"JucePlugin_Enable_IAA=0",
					"JucePlugin_Enable_ARA=0",
					"JucePlugin_Name=\\\"viator-voice-leveler\\\"",
					"JucePlugin_Desc=\\\"viator-voice-leveler\\\"",
					"JucePlugin_Manufacturer=\\\"yourcompany\\\"",
					"JucePlugin_ManufacturerWebsite=\\\"www.yourcompany.com\\\"",
					"JucePlugin_ManufacturerEmail=\\\"\\\"",
					"JucePlugin_ManufacturerCode=0x4d616e75",
					"JucePlugin_PluginCode=0x4f6a7161",
					"JucePlugin_IsSynth=0",
					"JucePlugin_WantsMidiInput=0",
					"JucePlugin_ProducesMidiOutput=0",
					"JucePlugin_IsMidiEffect=0",
					"JucePlugin_EditorRequiresKeyboardFocus=0",
					"JucePlugin_Version=1.0.0",
					"JucePlugin_VersionCode=0x10000",
					"JucePlugin_VersionString=\\\"1.0.0\\\"",
					"JucePlugin_VSTUniqueID=JucePlugin_PluginCode",
					"JucePlugin_VSTCategory=kPlugCategEffect",
					"JucePlugin_Vst3Category=\\\"Fx\\\"",
					"JucePlugin_AUMainType=\\'aufx\\'",
					"JucePlugin_AUSubType=JucePlugin_PluginCode",
					"JucePlugin_AUExportPrefix=viatorvoicelevelerAU",
					"JucePlugin_AUExportPrefixQuoted=\\\"viatorvoicelevelerAU\\\"",
					"JucePlugin_AUManufacturerCode=JucePlugin_ManufacturerCode",
					"JucePlugin_CFBundleIdentifier=com.yourcompany.viatorvoiceleveler",
					"JucePlugin_AAXIdentifier=com.yourcompany.viatorvoiceleveler",
					"JucePlugin_AAXManufacturerCode=JucePlugin_ManufacturerCode",
					"JucePlugin_AAXProductId=JucePlugin_PluginCode",
					"JucePlugin_AAXCategory=0",
					"JucePlugin_AAXDisableBypass=0",
					"JucePlugin_AAXDisableMultiMono=0",
					"JucePlugin_IAAType=0x61757278",
					"JucePlugin_IAASubType=JucePlugin_PluginCode",
					"JucePlugin_IAAName=\\\"yourcompany:\\ viator-voice-leveler\\\"",
					"JucePlugin_VSTNumMidiInputs=16",
					"JucePlugin_VSTNumMidiOutputs=16",
					"JucePlugin_ARAContentTypes=0",
					"JucePlugin_ARATransformationFlags=0",
					"JucePlugin_ARAFactoryID=\\\"com.yourcompany.viatorvoiceleveler.factory\\\"",
					"JucePlugin_ARADocumentArchiveID=\\\"com.yourcompany.viatorvoiceleveler.aradocumentarchive.1.0.0\\\"",
					"JucePlugin_ARACompatibleArchiveIDs=\\\"\\\"",
					"JUCE_STANDALONE_APPLICATION=JucePlugin_Build_Standalone",
					"JUCER_XCODE_MAC_F6D2F4CF=1",
					"JUCE_APP_VERSION=1.0.0",
					"JUCE_APP_VERSION_HEX=0x10000",
				);
				GCC_VERSION = com.apple.compilers.llvm.clang.1_0;
				GENERATE_PKGINFO_FILE = YES;
				HEADER_SEARCH_PATHS = (
					"$(SRCROOT)/../../../modules/JUCE/modules/juce_audio_processors/format_types/VST3_SDK",
					"$(SRCROOT)/../../JuceLibraryCode",
					"$(SRCROOT)/../../../modules/JUCE/modules",
					"$(SRCROOT)/../../../modules/viatordsp",
					"$(SRCROOT)/../../../modules/JUCE/modules/juce_audio_plugin_client/AU",
					"$(inherited)",
				);
				INFOPLIST_FILE = Info-VST3.plist;
				INFOPLIST_PREPROCESS = NO;
				INSTALL_PATH = "$(HOME)/Library/Audio/Plug-Ins/VST3/";
				LIBRARY_STYLE = Bundle;
				LLVM_LTO = YES;
				MACOSX_DEPLOYMENT_TARGET = 10.13;
				MTL_HEADER_SEARCH_PATHS = "$(SRCROOT)/../../../modules/JUCE/modules/juce_audio_processors/format_types/VST3_SDK $(SRCROOT)/../../JuceLibraryCode $(SRCROOT)/../../../modules/JUCE/modules $(SRCROOT)/../../../modules/viatordsp $(SRCROOT)/../../../modules/JUCE/modules/juce_audio_plugin_client/AU";
				OTHER_LDFLAGS = "-bundle -lviator-voice-leveler -weak_framework Metal -weak_framework MetalKit";
				PRODUCT_BUNDLE_IDENTIFIER = com.yourcompany.viatorvoiceleveler;
				PRODUCT_NAME = "viator-voice-leveler";
				USE_HEADERMAP = NO;
				VALID_ARCHS = "i386 x86_64 arm64 arm64e";
				WRAPPER_EXTENSION = vst3;
			};
			name = Release;
		};
		7DA6778E86E528C672AB7A08 /* Release */ = {
			isa = XCBuildConfiguration;
			buildSettings = {
				CLANG_CXX_LANGUAGE_STANDARD = "c++17";
				CLANG_CXX_LIBRARY = "libc++";
				CLANG_LINK_OBJC_RUNTIME = NO;
				COMBINE_HIDPI_IMAGES = YES;
				CONFIGURATION_BUILD_DIR = "$(PROJECT_DIR)/build/$(CONFIGURATION)";
				DEAD_CODE_STRIPPING = YES;
				EXCLUDED_ARCHS = "";
				GCC_GENERATE_DEBUGGING_SYMBOLS = NO;
				GCC_OPTIMIZATION_LEVEL = 3;
				GCC_PREPROCESSOR_DEFINITIONS = (
					"_NDEBUG=1",
					"NDEBUG=1",
					"JUCE_DISPLAY_SPLASH_SCREEN=0",
					"JUCE_USE_DARK_SPLASH_SCREEN=1",
					"JUCE_PROJUCER_VERSION=0x70005",
					"JUCE_MODULE_AVAILABLE_juce_audio_basics=1",
					"JUCE_MODULE_AVAILABLE_juce_audio_devices=1",
					"JUCE_MODULE_AVAILABLE_juce_audio_formats=1",
					"JUCE_MODULE_AVAILABLE_juce_audio_plugin_client=1",
					"JUCE_MODULE_AVAILABLE_juce_audio_processors=1",
					"JUCE_MODULE_AVAILABLE_juce_audio_utils=1",
					"JUCE_MODULE_AVAILABLE_juce_core=1",
					"JUCE_MODULE_AVAILABLE_juce_data_structures=1",
					"JUCE_MODULE_AVAILABLE_juce_dsp=1",
					"JUCE_MODULE_AVAILABLE_juce_events=1",
					"JUCE_MODULE_AVAILABLE_juce_graphics=1",
					"JUCE_MODULE_AVAILABLE_juce_gui_basics=1",
					"JUCE_MODULE_AVAILABLE_juce_gui_extra=1",
					"JUCE_MODULE_AVAILABLE_viator_modules=1",
					"JUCE_GLOBAL_MODULE_SETTINGS_INCLUDED=1",
					"JUCE_VST3_CAN_REPLACE_VST2=0",
					"JUCE_STRICT_REFCOUNTEDPOINTER=1",
					"JucePlugin_Build_VST=0",
					"JucePlugin_Build_VST3=1",
					"JucePlugin_Build_AU=1",
					"JucePlugin_Build_AUv3=0",
					"JucePlugin_Build_AAX=0",
					"JucePlugin_Build_Standalone=1",
					"JucePlugin_Build_Unity=0",
					"JucePlugin_Build_LV2=0",
					"JucePlugin_Enable_IAA=0",
					"JucePlugin_Enable_ARA=0",
					"JucePlugin_Name=\\\"viator-voice-leveler\\\"",
					"JucePlugin_Desc=\\\"viator-voice-leveler\\\"",
					"JucePlugin_Manufacturer=\\\"yourcompany\\\"",
					"JucePlugin_ManufacturerWebsite=\\\"www.yourcompany.com\\\"",
					"JucePlugin_ManufacturerEmail=\\\"\\\"",
					"JucePlugin_ManufacturerCode=0x4d616e75",
					"JucePlugin_PluginCode=0x4f6a7161",
					"JucePlugin_IsSynth=0",
					"JucePlugin_WantsMidiInput=0",
					"JucePlugin_ProducesMidiOutput=0",
					"JucePlugin_IsMidiEffect=0",
					"JucePlugin_EditorRequiresKeyboardFocus=0",
					"JucePlugin_Version=1.0.0",
					"JucePlugin_VersionCode=0x10000",
					"JucePlugin_VersionString=\\\"1.0.0\\\"",
					"JucePlugin_VSTUniqueID=JucePlugin_PluginCode",
					"JucePlugin_VSTCategory=kPlugCategEffect",
					"JucePlugin_Vst3Category=\\\"Fx\\\"",
					"JucePlugin_AUMainType=\\'aufx\\'",
					"JucePlugin_AUSubType=JucePlugin_PluginCode",
					"JucePlugin_AUExportPrefix=viatorvoicelevelerAU",
					"JucePlugin_AUExportPrefixQuoted=\\\"viatorvoicelevelerAU\\\"",
					"JucePlugin_AUManufacturerCode=JucePlugin_ManufacturerCode",
					"JucePlugin_CFBundleIdentifier=com.yourcompany.viatorvoiceleveler",
					"JucePlugin_AAXIdentifier=com.yourcompany.viatorvoiceleveler",
					"JucePlugin_AAXManufacturerCode=JucePlugin_ManufacturerCode",
					"JucePlugin_AAXProductId=JucePlugin_PluginCode",
					"JucePlugin_AAXCategory=0",
					"JucePlugin_AAXDisableBypass=0",
					"JucePlugin_AAXDisableMultiMono=0",
					"JucePlugin_IAAType=0x61757278",
					"JucePlugin_IAASubType=JucePlugin_PluginCode",
					"JucePlugin_IAAName=\\\"yourcompany:\\ viator-voice-leveler\\\"",
					"JucePlugin_VSTNumMidiInputs=16",
					"JucePlugin_VSTNumMidiOutputs=16",
					"JucePlugin_ARAContentTypes=0",
					"JucePlugin_ARATransformationFlags=0",
					"JucePlugin_ARAFactoryID=\\\"com.yourcompany.viatorvoiceleveler.factory\\\"",
					"JucePlugin_ARADocumentArchiveID=\\\"com.yourcompany.viatorvoiceleveler.aradocumentarchive.1.0.0\\\"",
					"JucePlugin_ARACompatibleArchiveIDs=\\\"\\\"",
					"JUCE_STANDALONE_APPLICATION=JucePlugin_Build_Standalone",
					"JUCER_XCODE_MAC_F6D2F4CF=1",
					"JUCE_APP_VERSION=1.0.0",
					"JUCE_APP_VERSION_HEX=0x10000",
					"JUCE_SHARED_CODE=1",
				);
				GCC_VERSION = com.apple.compilers.llvm.clang.1_0;
				HEADER_SEARCH_PATHS = (
					"$(SRCROOT)/../../../modules/JUCE/modules/juce_audio_processors/format_types/VST3_SDK",
					"$(SRCROOT)/../../JuceLibraryCode",
					"$(SRCROOT)/../../../modules/JUCE/modules",
					"$(SRCROOT)/../../../modules/viatordsp",
					"$(SRCROOT)/../../../modules/JUCE/modules/juce_audio_plugin_client/AU",
					"$(inherited)",
				);
				INSTALL_PATH = "@executable_path/../Frameworks";
				LLVM_LTO = YES;
				MACOSX_DEPLOYMENT_TARGET = 10.13;
				MTL_HEADER_SEARCH_PATHS = "$(SRCROOT)/../../../modules/JUCE/modules/juce_audio_processors/format_types/VST3_SDK $(SRCROOT)/../../JuceLibraryCode $(SRCROOT)/../../../modules/JUCE/modules $(SRCROOT)/../../../modules/viatordsp $(SRCROOT)/../../../modules/JUCE/modules/juce_audio_plugin_client/AU";
				OTHER_LDFLAGS = "-weak_framework Metal -weak_framework MetalKit";
				PRODUCT_BUNDLE_IDENTIFIER = com.yourcompany.viatorvoiceleveler;
				PRODUCT_NAME = "viator-voice-leveler";
				SKIP_INSTALL = YES;
				USE_HEADERMAP = NO;
				VALID_ARCHS = "i386 x86_64 arm64 arm64e";
			};
			name = Release;
		};
		90015B8496B522997942E5BE /* Release */ = {
			isa = XCBuildConfiguration;
			buildSettings = {
				CLANG_CXX_LANGUAGE_STANDARD = "c++17";
				CLANG_CXX_LIBRARY = "libc++";
				CLANG_LINK_OBJC_RUNTIME = NO;
				COMBINE_HIDPI_IMAGES = YES;
				CONFIGURATION_BUILD_DIR = "$(PROJECT_DIR)/build/$(CONFIGURATION)";
				DEAD_CODE_STRIPPING = YES;
				DEPLOYMENT_LOCATION = YES;
				DSTROOT = /;
				EXCLUDED_ARCHS = "";
				GCC_GENERATE_DEBUGGING_SYMBOLS = NO;
				GCC_OPTIMIZATION_LEVEL = 3;
				GCC_PREPROCESSOR_DEFINITIONS = (
					"_NDEBUG=1",
					"NDEBUG=1",
					"JUCE_DISPLAY_SPLASH_SCREEN=0",
					"JUCE_USE_DARK_SPLASH_SCREEN=1",
					"JUCE_PROJUCER_VERSION=0x70005",
					"JUCE_MODULE_AVAILABLE_juce_audio_basics=1",
					"JUCE_MODULE_AVAILABLE_juce_audio_devices=1",
					"JUCE_MODULE_AVAILABLE_juce_audio_formats=1",
					"JUCE_MODULE_AVAILABLE_juce_audio_plugin_client=1",
					"JUCE_MODULE_AVAILABLE_juce_audio_processors=1",
					"JUCE_MODULE_AVAILABLE_juce_audio_utils=1",
					"JUCE_MODULE_AVAILABLE_juce_core=1",
					"JUCE_MODULE_AVAILABLE_juce_data_structures=1",
					"JUCE_MODULE_AVAILABLE_juce_dsp=1",
					"JUCE_MODULE_AVAILABLE_juce_events=1",
					"JUCE_MODULE_AVAILABLE_juce_graphics=1",
					"JUCE_MODULE_AVAILABLE_juce_gui_basics=1",
					"JUCE_MODULE_AVAILABLE_juce_gui_extra=1",
					"JUCE_MODULE_AVAILABLE_viator_modules=1",
					"JUCE_GLOBAL_MODULE_SETTINGS_INCLUDED=1",
					"JUCE_VST3_CAN_REPLACE_VST2=0",
					"JUCE_STRICT_REFCOUNTEDPOINTER=1",
					"JucePlugin_Build_VST=0",
					"JucePlugin_Build_VST3=0",
					"JucePlugin_Build_AU=1",
					"JucePlugin_Build_AUv3=0",
					"JucePlugin_Build_AAX=0",
					"JucePlugin_Build_Standalone=0",
					"JucePlugin_Build_Unity=0",
					"JucePlugin_Build_LV2=0",
					"JucePlugin_Enable_IAA=0",
					"JucePlugin_Enable_ARA=0",
					"JucePlugin_Name=\\\"viator-voice-leveler\\\"",
					"JucePlugin_Desc=\\\"viator-voice-leveler\\\"",
					"JucePlugin_Manufacturer=\\\"yourcompany\\\"",
					"JucePlugin_ManufacturerWebsite=\\\"www.yourcompany.com\\\"",
					"JucePlugin_ManufacturerEmail=\\\"\\\"",
					"JucePlugin_ManufacturerCode=0x4d616e75",
					"JucePlugin_PluginCode=0x4f6a7161",
					"JucePlugin_IsSynth=0",
					"JucePlugin_WantsMidiInput=0",
					"JucePlugin_ProducesMidiOutput=0",
					"JucePlugin_IsMidiEffect=0",
					"JucePlugin_EditorRequiresKeyboardFocus=0",
					"JucePlugin_Version=1.0.0",
					"JucePlugin_VersionCode=0x10000",
					"JucePlugin_VersionString=\\\"1.0.0\\\"",
					"JucePlugin_VSTUniqueID=JucePlugin_PluginCode",
					"JucePlugin_VSTCategory=kPlugCategEffect",
					"JucePlugin_Vst3Category=\\\"Fx\\\"",
					"JucePlugin_AUMainType=\\'aufx\\'",
					"JucePlugin_AUSubType=JucePlugin_PluginCode",
					"JucePlugin_AUExportPrefix=viatorvoicelevelerAU",
					"JucePlugin_AUExportPrefixQuoted=\\\"viatorvoicelevelerAU\\\"",
					"JucePlugin_AUManufacturerCode=JucePlugin_ManufacturerCode",
					"JucePlugin_CFBundleIdentifier=com.yourcompany.viatorvoiceleveler",
					"JucePlugin_AAXIdentifier=com.yourcompany.viatorvoiceleveler",
					"JucePlugin_AAXManufacturerCode=JucePlugin_ManufacturerCode",
					"JucePlugin_AAXProductId=JucePlugin_PluginCode",
					"JucePlugin_AAXCategory=0",
					"JucePlugin_AAXDisableBypass=0",
					"JucePlugin_AAXDisableMultiMono=0",
					"JucePlugin_IAAType=0x61757278",
					"JucePlugin_IAASubType=JucePlugin_PluginCode",
					"JucePlugin_IAAName=\\\"yourcompany:\\ viator-voice-leveler\\\"",
					"JucePlugin_VSTNumMidiInputs=16",
					"JucePlugin_VSTNumMidiOutputs=16",
					"JucePlugin_ARAContentTypes=0",
					"JucePlugin_ARATransformationFlags=0",
					"JucePlugin_ARAFactoryID=\\\"com.yourcompany.viatorvoiceleveler.factory\\\"",
					"JucePlugin_ARADocumentArchiveID=\\\"com.yourcompany.viatorvoiceleveler.aradocumentarchive.1.0.0\\\"",
					"JucePlugin_ARACompatibleArchiveIDs=\\\"\\\"",
					"JUCE_STANDALONE_APPLICATION=JucePlugin_Build_Standalone",
					"JUCER_XCODE_MAC_F6D2F4CF=1",
					"JUCE_APP_VERSION=1.0.0",
					"JUCE_APP_VERSION_HEX=0x10000",
				);
				GCC_VERSION = com.apple.compilers.llvm.clang.1_0;
				GENERATE_PKGINFO_FILE = YES;
				HEADER_SEARCH_PATHS = (
					"$(SRCROOT)/../../../modules/JUCE/modules/juce_audio_processors/format_types/VST3_SDK",
					"$(SRCROOT)/../../JuceLibraryCode",
					"$(SRCROOT)/../../../modules/JUCE/modules",
					"$(SRCROOT)/../../../modules/viatordsp",
					"$(SRCROOT)/../../../modules/JUCE/modules/juce_audio_plugin_client/AU",
					"$(inherited)",
				);
				INFOPLIST_FILE = Info-AU.plist;
				INFOPLIST_PREPROCESS = NO;
				INSTALL_PATH = "$(HOME)/Library/Audio/Plug-Ins/Components/";
				LIBRARY_STYLE = Bundle;
				LLVM_LTO = YES;
				MACOSX_DEPLOYMENT_TARGET = 10.13;
				MTL_HEADER_SEARCH_PATHS = "$(SRCROOT)/../../../modules/JUCE/modules/juce_audio_processors/format_types/VST3_SDK $(SRCROOT)/../../JuceLibraryCode $(SRCROOT)/../../../modules/JUCE/modules $(SRCROOT)/../../../modules/viatordsp $(SRCROOT)/../../../modules/JUCE/modules/juce_audio_plugin_client/AU";
				OTHER_LDFLAGS = "-bundle -lviator-voice-leveler -weak_framework Metal -weak_framework MetalKit";
				OTHER_REZFLAGS = "-d ppc_$ppc -d i386_$i386 -d ppc64_$ppc64 -d x86_64_$x86_64 -d arm64_$arm64 -I /System/Library/Frameworks/CoreServices.framework/Frameworks/CarbonCore.framework/Versions/A/Headers -I \"$(DEVELOPER_DIR)/Extras/CoreAudio/AudioUnits/AUPublic/AUBase\" -I \"$(DEVELOPER_DIR)/Platforms/MacOSX.platform/Developer/SDKs/MacOSX.sdk/System/Library/Frameworks/AudioUnit.framework/Headers\"";
				PRODUCT_BUNDLE_IDENTIFIER = com.yourcompany.viatorvoiceleveler;
				PRODUCT_NAME = "viator-voice-leveler";
				USE_HEADERMAP = NO;
				VALID_ARCHS = "i386 x86_64 arm64 arm64e";
				WRAPPER_EXTENSION = component;
			};
			name = Release;
		};
		9B6699FA015AE3329CC224A2 /* Debug */ = {
			isa = XCBuildConfiguration;
			buildSettings = {
				CLANG_CXX_LANGUAGE_STANDARD = "c++17";
				CLANG_CXX_LIBRARY = "libc++";
				CLANG_LINK_OBJC_RUNTIME = NO;
				COMBINE_HIDPI_IMAGES = YES;
				CONFIGURATION_BUILD_DIR = "$(PROJECT_DIR)/build/$(CONFIGURATION)";
				COPY_PHASE_STRIP = NO;
				EXCLUDED_ARCHS = "";
				GCC_DYNAMIC_NO_PIC = NO;
				GCC_OPTIMIZATION_LEVEL = 0;
				GCC_PREPROCESSOR_DEFINITIONS = (
					"_DEBUG=1",
					"DEBUG=1",
					"JUCE_DISPLAY_SPLASH_SCREEN=0",
					"JUCE_USE_DARK_SPLASH_SCREEN=1",
					"JUCE_PROJUCER_VERSION=0x70005",
					"JUCE_MODULE_AVAILABLE_juce_audio_basics=1",
					"JUCE_MODULE_AVAILABLE_juce_audio_devices=1",
					"JUCE_MODULE_AVAILABLE_juce_audio_formats=1",
					"JUCE_MODULE_AVAILABLE_juce_audio_plugin_client=1",
					"JUCE_MODULE_AVAILABLE_juce_audio_processors=1",
					"JUCE_MODULE_AVAILABLE_juce_audio_utils=1",
					"JUCE_MODULE_AVAILABLE_juce_core=1",
					"JUCE_MODULE_AVAILABLE_juce_data_structures=1",
					"JUCE_MODULE_AVAILABLE_juce_dsp=1",
					"JUCE_MODULE_AVAILABLE_juce_events=1",
					"JUCE_MODULE_AVAILABLE_juce_graphics=1",
					"JUCE_MODULE_AVAILABLE_juce_gui_basics=1",
					"JUCE_MODULE_AVAILABLE_juce_gui_extra=1",
					"JUCE_MODULE_AVAILABLE_viator_modules=1",
					"JUCE_GLOBAL_MODULE_SETTINGS_INCLUDED=1",
					"JUCE_VST3_CAN_REPLACE_VST2=0",
					"JUCE_STRICT_REFCOUNTEDPOINTER=1",
					"JucePlugin_Build_VST=0",
					"JucePlugin_Build_VST3=0",
					"JucePlugin_Build_AU=0",
					"JucePlugin_Build_AUv3=0",
					"JucePlugin_Build_AAX=0",
					"JucePlugin_Build_Standalone=1",
					"JucePlugin_Build_Unity=0",
					"JucePlugin_Build_LV2=0",
					"JucePlugin_Enable_IAA=0",
					"JucePlugin_Enable_ARA=0",
					"JucePlugin_Name=\\\"viator-voice-leveler\\\"",
					"JucePlugin_Desc=\\\"viator-voice-leveler\\\"",
					"JucePlugin_Manufacturer=\\\"yourcompany\\\"",
					"JucePlugin_ManufacturerWebsite=\\\"www.yourcompany.com\\\"",
					"JucePlugin_ManufacturerEmail=\\\"\\\"",
					"JucePlugin_ManufacturerCode=0x4d616e75",
					"JucePlugin_PluginCode=0x4f6a7161",
					"JucePlugin_IsSynth=0",
					"JucePlugin_WantsMidiInput=0",
					"JucePlugin_ProducesMidiOutput=0",
					"JucePlugin_IsMidiEffect=0",
					"JucePlugin_EditorRequiresKeyboardFocus=0",
					"JucePlugin_Version=1.0.0",
					"JucePlugin_VersionCode=0x10000",
					"JucePlugin_VersionString=\\\"1.0.0\\\"",
					"JucePlugin_VSTUniqueID=JucePlugin_PluginCode",
					"JucePlugin_VSTCategory=kPlugCategEffect",
					"JucePlugin_Vst3Category=\\\"Fx\\\"",
					"JucePlugin_AUMainType=\\'aufx\\'",
					"JucePlugin_AUSubType=JucePlugin_PluginCode",
					"JucePlugin_AUExportPrefix=viatorvoicelevelerAU",
					"JucePlugin_AUExportPrefixQuoted=\\\"viatorvoicelevelerAU\\\"",
					"JucePlugin_AUManufacturerCode=JucePlugin_ManufacturerCode",
					"JucePlugin_CFBundleIdentifier=com.yourcompany.viatorvoiceleveler",
					"JucePlugin_AAXIdentifier=com.yourcompany.viatorvoiceleveler",
					"JucePlugin_AAXManufacturerCode=JucePlugin_ManufacturerCode",
					"JucePlugin_AAXProductId=JucePlugin_PluginCode",
					"JucePlugin_AAXCategory=0",
					"JucePlugin_AAXDisableBypass=0",
					"JucePlugin_AAXDisableMultiMono=0",
					"JucePlugin_IAAType=0x61757278",
					"JucePlugin_IAASubType=JucePlugin_PluginCode",
					"JucePlugin_IAAName=\\\"yourcompany:\\ viator-voice-leveler\\\"",
					"JucePlugin_VSTNumMidiInputs=16",
					"JucePlugin_VSTNumMidiOutputs=16",
					"JucePlugin_ARAContentTypes=0",
					"JucePlugin_ARATransformationFlags=0",
					"JucePlugin_ARAFactoryID=\\\"com.yourcompany.viatorvoiceleveler.factory\\\"",
					"JucePlugin_ARADocumentArchiveID=\\\"com.yourcompany.viatorvoiceleveler.aradocumentarchive.1.0.0\\\"",
					"JucePlugin_ARACompatibleArchiveIDs=\\\"\\\"",
					"JUCE_STANDALONE_APPLICATION=JucePlugin_Build_Standalone",
					"JUCER_XCODE_MAC_F6D2F4CF=1",
					"JUCE_APP_VERSION=1.0.0",
					"JUCE_APP_VERSION_HEX=0x10000",
				);
				GCC_VERSION = com.apple.compilers.llvm.clang.1_0;
				HEADER_SEARCH_PATHS = (
					"$(SRCROOT)/../../../modules/JUCE/modules/juce_audio_processors/format_types/VST3_SDK",
					"$(SRCROOT)/../../JuceLibraryCode",
					"$(SRCROOT)/../../../modules/JUCE/modules",
					"$(SRCROOT)/../../../modules/viatordsp",
					"$(SRCROOT)/../../../modules/JUCE/modules/juce_audio_plugin_client/AU",
					"$(inherited)",
				);
				INFOPLIST_FILE = Info-Standalone_Plugin.plist;
				INFOPLIST_PREPROCESS = NO;
				MACOSX_DEPLOYMENT_TARGET = 10.13;
				MTL_HEADER_SEARCH_PATHS = "$(SRCROOT)/../../../modules/JUCE/modules/juce_audio_processors/format_types/VST3_SDK $(SRCROOT)/../../JuceLibraryCode $(SRCROOT)/../../../modules/JUCE/modules $(SRCROOT)/../../../modules/viatordsp $(SRCROOT)/../../../modules/JUCE/modules/juce_audio_plugin_client/AU";
				OTHER_LDFLAGS = "-lviator-voice-leveler -weak_framework Metal -weak_framework MetalKit";
				PRODUCT_BUNDLE_IDENTIFIER = com.yourcompany.viatorvoiceleveler;
				PRODUCT_NAME = "viator-voice-leveler";
				USE_HEADERMAP = NO;
				VALID_ARCHS = "i386 x86_64 arm64 arm64e";
			};
			name = Debug;
		};
		AE88D28FA0F89BE05B891880 /* Debug */ = {
			isa = XCBuildConfiguration;
			buildSettings = {
				CLANG_CXX_LANGUAGE_STANDARD = "c++17";
				CLANG_CXX_LIBRARY = "libc++";
				CLANG_LINK_OBJC_RUNTIME = NO;
				COMBINE_HIDPI_IMAGES = YES;
				CONFIGURATION_BUILD_DIR = "$(PROJECT_DIR)/build/$(CONFIGURATION)";
				COPY_PHASE_STRIP = NO;
				EXCLUDED_ARCHS = "";
				GCC_DYNAMIC_NO_PIC = NO;
				GCC_OPTIMIZATION_LEVEL = 0;
				GCC_PREPROCESSOR_DEFINITIONS = (
					"_DEBUG=1",
					"DEBUG=1",
					"JUCE_DISPLAY_SPLASH_SCREEN=0",
					"JUCE_USE_DARK_SPLASH_SCREEN=1",
					"JUCE_PROJUCER_VERSION=0x70005",
					"JUCE_MODULE_AVAILABLE_juce_audio_basics=1",
					"JUCE_MODULE_AVAILABLE_juce_audio_devices=1",
					"JUCE_MODULE_AVAILABLE_juce_audio_formats=1",
					"JUCE_MODULE_AVAILABLE_juce_audio_plugin_client=1",
					"JUCE_MODULE_AVAILABLE_juce_audio_processors=1",
					"JUCE_MODULE_AVAILABLE_juce_audio_utils=1",
					"JUCE_MODULE_AVAILABLE_juce_core=1",
					"JUCE_MODULE_AVAILABLE_juce_data_structures=1",
					"JUCE_MODULE_AVAILABLE_juce_dsp=1",
					"JUCE_MODULE_AVAILABLE_juce_events=1",
					"JUCE_MODULE_AVAILABLE_juce_graphics=1",
					"JUCE_MODULE_AVAILABLE_juce_gui_basics=1",
					"JUCE_MODULE_AVAILABLE_juce_gui_extra=1",
					"JUCE_MODULE_AVAILABLE_viator_modules=1",
					"JUCE_GLOBAL_MODULE_SETTINGS_INCLUDED=1",
					"JUCE_VST3_CAN_REPLACE_VST2=0",
					"JUCE_STRICT_REFCOUNTEDPOINTER=1",
					"JucePlugin_Build_VST=0",
					"JucePlugin_Build_VST3=1",
					"JucePlugin_Build_AU=1",
					"JucePlugin_Build_AUv3=0",
					"JucePlugin_Build_AAX=0",
					"JucePlugin_Build_Standalone=1",
					"JucePlugin_Build_Unity=0",
					"JucePlugin_Build_LV2=0",
					"JucePlugin_Enable_IAA=0",
					"JucePlugin_Enable_ARA=0",
					"JucePlugin_Name=\\\"viator-voice-leveler\\\"",
					"JucePlugin_Desc=\\\"viator-voice-leveler\\\"",
					"JucePlugin_Manufacturer=\\\"yourcompany\\\"",
					"JucePlugin_ManufacturerWebsite=\\\"www.yourcompany.com\\\"",
					"JucePlugin_ManufacturerEmail=\\\"\\\"",
					"JucePlugin_ManufacturerCode=0x4d616e75",
					"JucePlugin_PluginCode=0x4f6a7161",
					"JucePlugin_IsSynth=0",
					"JucePlugin_WantsMidiInput=0",
					"JucePlugin_ProducesMidiOutput=0",
					"JucePlugin_IsMidiEffect=0",
					"JucePlugin_EditorRequiresKeyboardFocus=0",
					"JucePlugin_Version=1.0.0",
					"JucePlugin_VersionCode=0x10000",
					"JucePlugin_VersionString=\\\"1.0.0\\\"",
					"JucePlugin_VSTUniqueID=JucePlugin_PluginCode",
					"JucePlugin_VSTCategory=kPlugCategEffect",
					"JucePlugin_Vst3Category=\\\"Fx\\\"",
					"JucePlugin_AUMainType=\\'aufx\\'",
					"JucePlugin_AUSubType=JucePlugin_PluginCode",
					"JucePlugin_AUExportPrefix=viatorvoicelevelerAU",
					"JucePlugin_AUExportPrefixQuoted=\\\"viatorvoicelevelerAU\\\"",
					"JucePlugin_AUManufacturerCode=JucePlugin_ManufacturerCode",
					"JucePlugin_CFBundleIdentifier=com.yourcompany.viatorvoiceleveler",
					"JucePlugin_AAXIdentifier=com.yourcompany.viatorvoiceleveler",
					"JucePlugin_AAXManufacturerCode=JucePlugin_ManufacturerCode",
					"JucePlugin_AAXProductId=JucePlugin_PluginCode",
					"JucePlugin_AAXCategory=0",
					"JucePlugin_AAXDisableBypass=0",
					"JucePlugin_AAXDisableMultiMono=0",
					"JucePlugin_IAAType=0x61757278",
					"JucePlugin_IAASubType=JucePlugin_PluginCode",
					"JucePlugin_IAAName=\\\"yourcompany:\\ viator-voice-leveler\\\"",
					"JucePlugin_VSTNumMidiInputs=16",
					"JucePlugin_VSTNumMidiOutputs=16",
					"JucePlugin_ARAContentTypes=0",
					"JucePlugin_ARATransformationFlags=0",
					"JucePlugin_ARAFactoryID=\\\"com.yourcompany.viatorvoiceleveler.factory\\\"",
					"JucePlugin_ARADocumentArchiveID=\\\"com.yourcompany.viatorvoiceleveler.aradocumentarchive.1.0.0\\\"",
					"JucePlugin_ARACompatibleArchiveIDs=\\\"\\\"",
					"JUCE_STANDALONE_APPLICATION=JucePlugin_Build_Standalone",
					"JUCER_XCODE_MAC_F6D2F4CF=1",
					"JUCE_APP_VERSION=1.0.0",
					"JUCE_APP_VERSION_HEX=0x10000",
					"JUCE_SHARED_CODE=1",
				);
				GCC_VERSION = com.apple.compilers.llvm.clang.1_0;
				HEADER_SEARCH_PATHS = (
					"$(SRCROOT)/../../../modules/JUCE/modules/juce_audio_processors/format_types/VST3_SDK",
					"$(SRCROOT)/../../JuceLibraryCode",
					"$(SRCROOT)/../../../modules/JUCE/modules",
					"$(SRCROOT)/../../../modules/viatordsp",
					"$(SRCROOT)/../../../modules/JUCE/modules/juce_audio_plugin_client/AU",
					"$(inherited)",
				);
				INSTALL_PATH = "@executable_path/../Frameworks";
				MACOSX_DEPLOYMENT_TARGET = 10.13;
				MTL_HEADER_SEARCH_PATHS = "$(SRCROOT)/../../../modules/JUCE/modules/juce_audio_processors/format_types/VST3_SDK $(SRCROOT)/../../JuceLibraryCode $(SRCROOT)/../../../modules/JUCE/modules $(SRCROOT)/../../../modules/viatordsp $(SRCROOT)/../../../modules/JUCE/modules/juce_audio_plugin_client/AU";
				OTHER_LDFLAGS = "-weak_framework Metal -weak_framework MetalKit";
				PRODUCT_BUNDLE_IDENTIFIER = com.yourcompany.viatorvoiceleveler;
				PRODUCT_NAME = "viator-voice-leveler";
				SKIP_INSTALL = YES;
				USE_HEADERMAP = NO;
				VALID_ARCHS = "i386 x86_64 arm64 arm64e";
			};
			name = Debug;
		};
		B399907071BA1FCEA4D8D071 /* Release */ = {
			isa = XCBuildConfiguration;
			buildSettings = {
				ALWAYS_SEARCH_USER_PATHS = NO;
				CLANG_ENABLE_OBJC_WEAK = YES;
				CLANG_WARN_BLOCK_CAPTURE_AUTORELEASING = YES;
				CLANG_WARN_BOOL_CONVERSION = YES;
				CLANG_WARN_COMMA = YES;
				CLANG_WARN_CONSTANT_CONVERSION = YES;
				CLANG_WARN_DEPRECATED_OBJC_IMPLEMENTATIONS = YES;
				CLANG_WARN_EMPTY_BODY = YES;
				CLANG_WARN_ENUM_CONVERSION = YES;
				CLANG_WARN_INFINITE_RECURSION = YES;
				CLANG_WARN_INT_CONVERSION = YES;
				CLANG_WARN_NON_LITERAL_NULL_CONVERSION = YES;
				CLANG_WARN_OBJC_IMPLICIT_RETAIN_SELF = YES;
				CLANG_WARN_OBJC_LITERAL_CONVERSION = YES;
				CLANG_WARN_RANGE_LOOP_ANALYSIS = YES;
				CLANG_WARN_STRICT_PROTOTYPES = YES;
				CLANG_WARN_SUSPICIOUS_MOVE = YES;
				CLANG_WARN_UNREACHABLE_CODE = YES;
				CLANG_WARN__DUPLICATE_METHOD_MATCH = YES;
				DEBUG_INFORMATION_FORMAT = dwarf;
				ENABLE_STRICT_OBJC_MSGSEND = YES;
				ENABLE_TESTABILITY = NO;
				GCC_C_LANGUAGE_STANDARD = c11;
				GCC_INLINES_ARE_PRIVATE_EXTERN = YES;
				GCC_MODEL_TUNING = G5;
				GCC_NO_COMMON_BLOCKS = YES;
				GCC_SYMBOLS_PRIVATE_EXTERN = YES;
				GCC_WARN_64_TO_32_BIT_CONVERSION = YES;
				GCC_WARN_ABOUT_RETURN_TYPE = YES;
				GCC_WARN_CHECK_SWITCH_STATEMENTS = YES;
				GCC_WARN_MISSING_PARENTHESES = YES;
				GCC_WARN_NON_VIRTUAL_DESTRUCTOR = YES;
				GCC_WARN_TYPECHECK_CALLS_TO_PRINTF = YES;
				GCC_WARN_UNDECLARED_SELECTOR = YES;
				GCC_WARN_UNINITIALIZED_AUTOS = YES;
				GCC_WARN_UNUSED_FUNCTION = YES;
				GCC_WARN_UNUSED_VARIABLE = YES;
				PRODUCT_NAME = "viator-voice-leveler";
				SDKROOT = macosx;
				WARNING_CFLAGS = "-Wreorder";
				ZERO_LINK = NO;
			};
			name = Release;
		};
		B5F145EA0FC1B08FD918DD3D /* Release */ = {
			isa = XCBuildConfiguration;
			buildSettings = {
				CLANG_CXX_LANGUAGE_STANDARD = "c++17";
				CLANG_CXX_LIBRARY = "libc++";
				CLANG_LINK_OBJC_RUNTIME = NO;
				COMBINE_HIDPI_IMAGES = YES;
				CONFIGURATION_BUILD_DIR = "$(PROJECT_DIR)/build/$(CONFIGURATION)";
				DEAD_CODE_STRIPPING = YES;
				EXCLUDED_ARCHS = "";
				GCC_GENERATE_DEBUGGING_SYMBOLS = NO;
				GCC_OPTIMIZATION_LEVEL = 3;
				GCC_PREPROCESSOR_DEFINITIONS = (
					"_NDEBUG=1",
					"NDEBUG=1",
					"JUCE_DISPLAY_SPLASH_SCREEN=0",
					"JUCE_USE_DARK_SPLASH_SCREEN=1",
					"JUCE_PROJUCER_VERSION=0x70005",
					"JUCE_MODULE_AVAILABLE_juce_audio_basics=1",
					"JUCE_MODULE_AVAILABLE_juce_audio_devices=1",
					"JUCE_MODULE_AVAILABLE_juce_audio_formats=1",
					"JUCE_MODULE_AVAILABLE_juce_audio_plugin_client=1",
					"JUCE_MODULE_AVAILABLE_juce_audio_processors=1",
					"JUCE_MODULE_AVAILABLE_juce_audio_utils=1",
					"JUCE_MODULE_AVAILABLE_juce_core=1",
					"JUCE_MODULE_AVAILABLE_juce_data_structures=1",
					"JUCE_MODULE_AVAILABLE_juce_dsp=1",
					"JUCE_MODULE_AVAILABLE_juce_events=1",
					"JUCE_MODULE_AVAILABLE_juce_graphics=1",
					"JUCE_MODULE_AVAILABLE_juce_gui_basics=1",
					"JUCE_MODULE_AVAILABLE_juce_gui_extra=1",
					"JUCE_MODULE_AVAILABLE_viator_modules=1",
					"JUCE_GLOBAL_MODULE_SETTINGS_INCLUDED=1",
					"JUCE_VST3_CAN_REPLACE_VST2=0",
					"JUCE_STRICT_REFCOUNTEDPOINTER=1",
					"JucePlugin_Build_VST=0",
					"JucePlugin_Build_VST3=0",
					"JucePlugin_Build_AU=0",
					"JucePlugin_Build_AUv3=0",
					"JucePlugin_Build_AAX=0",
					"JucePlugin_Build_Standalone=1",
					"JucePlugin_Build_Unity=0",
					"JucePlugin_Build_LV2=0",
					"JucePlugin_Enable_IAA=0",
					"JucePlugin_Enable_ARA=0",
					"JucePlugin_Name=\\\"viator-voice-leveler\\\"",
					"JucePlugin_Desc=\\\"viator-voice-leveler\\\"",
					"JucePlugin_Manufacturer=\\\"yourcompany\\\"",
					"JucePlugin_ManufacturerWebsite=\\\"www.yourcompany.com\\\"",
					"JucePlugin_ManufacturerEmail=\\\"\\\"",
					"JucePlugin_ManufacturerCode=0x4d616e75",
					"JucePlugin_PluginCode=0x4f6a7161",
					"JucePlugin_IsSynth=0",
					"JucePlugin_WantsMidiInput=0",
					"JucePlugin_ProducesMidiOutput=0",
					"JucePlugin_IsMidiEffect=0",
					"JucePlugin_EditorRequiresKeyboardFocus=0",
					"JucePlugin_Version=1.0.0",
					"JucePlugin_VersionCode=0x10000",
					"JucePlugin_VersionString=\\\"1.0.0\\\"",
					"JucePlugin_VSTUniqueID=JucePlugin_PluginCode",
					"JucePlugin_VSTCategory=kPlugCategEffect",
					"JucePlugin_Vst3Category=\\\"Fx\\\"",
					"JucePlugin_AUMainType=\\'aufx\\'",
					"JucePlugin_AUSubType=JucePlugin_PluginCode",
					"JucePlugin_AUExportPrefix=viatorvoicelevelerAU",
					"JucePlugin_AUExportPrefixQuoted=\\\"viatorvoicelevelerAU\\\"",
					"JucePlugin_AUManufacturerCode=JucePlugin_ManufacturerCode",
					"JucePlugin_CFBundleIdentifier=com.yourcompany.viatorvoiceleveler",
					"JucePlugin_AAXIdentifier=com.yourcompany.viatorvoiceleveler",
					"JucePlugin_AAXManufacturerCode=JucePlugin_ManufacturerCode",
					"JucePlugin_AAXProductId=JucePlugin_PluginCode",
					"JucePlugin_AAXCategory=0",
					"JucePlugin_AAXDisableBypass=0",
					"JucePlugin_AAXDisableMultiMono=0",
					"JucePlugin_IAAType=0x61757278",
					"JucePlugin_IAASubType=JucePlugin_PluginCode",
					"JucePlugin_IAAName=\\\"yourcompany:\\ viator-voice-leveler\\\"",
					"JucePlugin_VSTNumMidiInputs=16",
					"JucePlugin_VSTNumMidiOutputs=16",
					"JucePlugin_ARAContentTypes=0",
					"JucePlugin_ARATransformationFlags=0",
					"JucePlugin_ARAFactoryID=\\\"com.yourcompany.viatorvoiceleveler.factory\\\"",
					"JucePlugin_ARADocumentArchiveID=\\\"com.yourcompany.viatorvoiceleveler.aradocumentarchive.1.0.0\\\"",
					"JucePlugin_ARACompatibleArchiveIDs=\\\"\\\"",
					"JUCE_STANDALONE_APPLICATION=JucePlugin_Build_Standalone",
					"JUCER_XCODE_MAC_F6D2F4CF=1",
					"JUCE_APP_VERSION=1.0.0",
					"JUCE_APP_VERSION_HEX=0x10000",
				);
				GCC_VERSION = com.apple.compilers.llvm.clang.1_0;
				HEADER_SEARCH_PATHS = (
					"$(SRCROOT)/../../../modules/JUCE/modules/juce_audio_processors/format_types/VST3_SDK",
					"$(SRCROOT)/../../JuceLibraryCode",
					"$(SRCROOT)/../../../modules/JUCE/modules",
					"$(SRCROOT)/../../../modules/viatordsp",
					"$(SRCROOT)/../../../modules/JUCE/modules/juce_audio_plugin_client/AU",
					"$(inherited)",
				);
				INFOPLIST_FILE = Info-Standalone_Plugin.plist;
				INFOPLIST_PREPROCESS = NO;
				LLVM_LTO = YES;
				MACOSX_DEPLOYMENT_TARGET = 10.13;
				MTL_HEADER_SEARCH_PATHS = "$(SRCROOT)/../../../modules/JUCE/modules/juce_audio_processors/format_types/VST3_SDK $(SRCROOT)/../../JuceLibraryCode $(SRCROOT)/../../../modules/JUCE/modules $(SRCROOT)/../../../modules/viatordsp $(SRCROOT)/../../../modules/JUCE/modules/juce_audio_plugin_client/AU";
				OTHER_LDFLAGS = "-lviator-voice-leveler -weak_framework Metal -weak_framework MetalKit";
				PRODUCT_BUNDLE_IDENTIFIER = com.yourcompany.viatorvoiceleveler;
				PRODUCT_NAME = "viator-voice-leveler";
				USE_HEADERMAP = NO;
				VALID_ARCHS = "i386 x86_64 arm64 arm64e";
			};
			name = Release;
		};
		FE21F275D741D1B996ED919C /* Debug */ = {
			isa = XCBuildConfiguration;
			buildSettings = {
				MACOSX_DEPLOYMENT_TARGET = 10.13;
				SDKROOT = macosx;
			};
			name = Debug;
		};
/* End XCBuildConfiguration section */

/* Begin XCConfigurationList section */
		341197DC244401EEB84808A1 = {
			isa = XCConfigurationList;
			buildConfigurations = (
				FE21F275D741D1B996ED919C,
				19BB8FE9C066984C18BFFC7C,
			);
			defaultConfigurationIsVisible = 0;
			defaultConfigurationName = Debug;
		};
		4063CF675D53C0AFD17254A2 = {
			isa = XCConfigurationList;
			buildConfigurations = (
				AE88D28FA0F89BE05B891880,
				7DA6778E86E528C672AB7A08,
			);
			defaultConfigurationIsVisible = 0;
			defaultConfigurationName = Debug;
		};
		4084BCBC66A44139FAA70E49 = {
			isa = XCConfigurationList;
			buildConfigurations = (
				9B6699FA015AE3329CC224A2,
				B5F145EA0FC1B08FD918DD3D,
			);
			defaultConfigurationIsVisible = 0;
			defaultConfigurationName = Debug;
		};
		94DE0B8836BEE935B3211CBA = {
			isa = XCConfigurationList;
			buildConfigurations = (
				1E8D2CD7420F9DC2B1EEC4FA,
				43F33E7923992016ABBD15E3,
			);
			defaultConfigurationIsVisible = 0;
			defaultConfigurationName = Debug;
		};
		DCC60A021F3347D73A14900A = {
			isa = XCConfigurationList;
			buildConfigurations = (
				2EAABD1CAB3AE0EDD69456D9,
				90015B8496B522997942E5BE,
			);
			defaultConfigurationIsVisible = 0;
			defaultConfigurationName = Debug;
		};
		EE650A1D781BCD8074ECB693 = {
			isa = XCConfigurationList;
			buildConfigurations = (
				19EB31FA438F9164CF72FE42,
				B399907071BA1FCEA4D8D071,
			);
			defaultConfigurationIsVisible = 0;
			defaultConfigurationName = Debug;
		};
/* End XCConfigurationList section */
	};
	rootObject = E284B2E6D9CDB45610E2C02E /* Project object */;
}
